
Microsoft Visual Studio Solution File, Format Version 12.00
# Visual Studio Version 17
VisualStudioVersion = 17.9.34728.123
MinimumVisualStudioVersion = 10.0.40219.1
Project("{9A19103F-16F7-4668-BE54-9A1E7A4F7556}") = "ClassesMetodos", "ClassesMetodos\ClassesMetodos.csproj", "{4EEF2E4D-3CBC-4E7F-AD79-CB20F53CCE18}"
EndProject
Project("{9A19103F-16F7-4668-BE54-9A1E7A4F7556}") = "2Metodos", "2Metodos\2Metodos.csproj", "{6AE61B59-6D76-44F7-A106-6F2DF8793C99}"
EndProject
Project("{9A19103F-16F7-4668-BE54-9A1E7A4F7556}") = "3MetodosParametros", "3MetodosParametros\3MetodosParametros.csproj", "{E762BF05-4C52-415F-B47C-3B480CA238B0}"
EndProject
Project("{9A19103F-16F7-4668-BE54-9A1E7A4F7556}") = "4MetodosParametros", "MetodosParametros\4MetodosParametros.csproj", "{00EB8969-ED73-4E5A-8097-DA4C965B3D3C}"
EndProject
Project("{9A19103F-16F7-4668-BE54-9A1E7A4F7556}") = "5Construtores", "5Construtores\5Construtores.csproj", "{8351A433-B7E8-4AD1-965F-E58AE5160267}"
EndProject
Project("{9A19103F-16F7-4668-BE54-9A1E7A4F7556}") = "06This", "This\06This.csproj", "{5846F75A-CAA0-44DB-8505-573FA2D3C310}"
EndProject
Project("{9A19103F-16F7-4668-BE54-9A1E7A4F7556}") = "Exercicio01-Classes-E-Métodos", "Exercicio01-Classes-E-Métodos\Exercicio01-Classes-E-Métodos.csproj", "{7C53FB48-57A7-4389-A31F-9FD060EF7B65}"
EndProject
Project("{2150E333-8FDC-42A3-9474-1A3956D46DE8}") = "Exercicios", "Exercicios", "{7FE12135-4FB5-4DD1-90C4-60A864DB3937}"
EndProject
Project("{9A19103F-16F7-4668-BE54-9A1E7A4F7556}") = "6MetodosComRetorno", "6MetodosComRetorno\6MetodosComRetorno.csproj", "{D4E3C323-7802-4E02-B7F0-BE24A01E3455}"
EndProject
Project("{9A19103F-16F7-4668-BE54-9A1E7A4F7556}") = "Exercicio02-Classes-E-Métodos", "Exercicio02-Classes-E-Métodos\Exercicio02-Classes-E-Métodos.csproj", "{3A931B20-9E19-4050-B7DE-A6C4301FBE81}"
EndProject
Project("{9A19103F-16F7-4668-BE54-9A1E7A4F7556}") = "7MétodosComRetorno", "7MétodosComRetorno\7MétodosComRetorno.csproj", "{59727087-1609-4891-B674-CF92C4F5B123}"
EndProject
Project("{9A19103F-16F7-4668-BE54-9A1E7A4F7556}") = "8MetodosComRetorno", "8MetodosComRetorno\8MetodosComRetorno.csproj", "{06E3DAE7-6B90-4173-AB6D-34598C17005D}"
EndProject
Project("{9A19103F-16F7-4668-BE54-9A1E7A4F7556}") = "11PassandoArgumentosPorValor", "9PassandoArgumentosPorValor\11PassandoArgumentosPorValor.csproj", "{F0C2EC65-A34E-415E-A9D8-46AD49579077}"
EndProject
Project("{9A19103F-16F7-4668-BE54-9A1E7A4F7556}") = "12PassandoPorReferencia", "10PassandoPorReferencia\12PassandoPorReferencia.csproj", "{2AEB809A-51F3-4A11-BDBF-B127200450D4}"
EndProject
Project("{9A19103F-16F7-4668-BE54-9A1E7A4F7556}") = "Exercicio03-Classes-E-Métodos", "Exercicio03-Classes-E-Métodos\Exercicio03-Classes-E-Métodos.csproj", "{4CC9225C-421E-4FE9-8ADB-25E0E0359408}"
EndProject
Project("{9A19103F-16F7-4668-BE54-9A1E7A4F7556}") = "13PassagemParametrosReferencia__Out", "10PassagemParametrosReferencia__Out\13PassagemParametrosReferencia__Out.csproj", "{2C304376-3C6E-4306-BB62-BF2F4A6B4D92}"
EndProject
Project("{9A19103F-16F7-4668-BE54-9A1E7A4F7556}") = "Exercicio04-Classes-E-Métodos", "Exercicio04-Classes-E-Métodos\Exercicio04-Classes-E-Métodos.csproj", "{3A474751-4C78-439F-BD5F-A31F7877B401}"
EndProject
Project("{9A19103F-16F7-4668-BE54-9A1E7A4F7556}") = "9_MetodosArgumentosNomeados", "9_MetodosArgumentosNomeados\9_MetodosArgumentosNomeados.csproj", "{0B64640C-FC1C-4D57-992C-2220EAB332AE}"
EndProject
Project("{9A19103F-16F7-4668-BE54-9A1E7A4F7556}") = "10ParametrosOpcionais", "10ParametrosOpcionais\10ParametrosOpcionais.csproj", "{B62E6021-4B8D-46E9-B87E-10AE7E7587B9}"
EndProject
Project("{9A19103F-16F7-4668-BE54-9A1E7A4F7556}") = "Carro", "Exercicio05-Classes-E-Métodos\Carro.csproj", "{40902F66-D7CD-468E-89AD-404A9DAEBB90}"
EndProject
Project("{9A19103F-16F7-4668-BE54-9A1E7A4F7556}") = "14MetodosEstaticos", "13MetodosEstaticos\14MetodosEstaticos.csproj", "{BA6396D3-B236-4B8F-BF7B-2E29799F3848}"
EndProject
Project("{9A19103F-16F7-4668-BE54-9A1E7A4F7556}") = "15CamposEstaticos", "15CamposEstaticos\15CamposEstaticos.csproj", "{6CF78DBC-EBB1-4FEB-8BDE-774368E753A9}"
EndProject
Project("{9A19103F-16F7-4668-BE54-9A1E7A4F7556}") = "CamposEstaticosExercicios", "CamposEstaticosExercicios\CamposEstaticosExercicios.csproj", "{AC3177D8-90B2-4698-9FF3-181FF702C37B}"
EndProject
Project("{9A19103F-16F7-4668-BE54-9A1E7A4F7556}") = "Exercicio-6-Campos-Estaticos", "Exercicio-6-Campos-Estaticos\Exercicio-6-Campos-Estaticos.csproj", "{A71F0858-0AC8-458A-B150-E4CC1115A8F5}"
EndProject
Project("{9A19103F-16F7-4668-BE54-9A1E7A4F7556}") = "16ConstrutorEstatico", "16ConstrutorEstatico\16ConstrutorEstatico.csproj", "{201D3E59-E52F-45A5-BA00-16D2818DF797}"
EndProject
Project("{9A19103F-16F7-4668-BE54-9A1E7A4F7556}") = "17Propriedades", "17Propriedades\17Propriedades.csproj", "{6CFAB70F-E771-491D-A134-A7B88825FC36}"
EndProject
Project("{9A19103F-16F7-4668-BE54-9A1E7A4F7556}") = "17Struct", "17Struct\17Struct.csproj", "{3C92F5BA-89F2-49EB-AD9D-E00DFEAD3FC2}"
EndProject
Project("{9A19103F-16F7-4668-BE54-9A1E7A4F7556}") = "Exercicio-08-Structs", "Exercicio-08-Structs\Exercicio-08-Structs.csproj", "{233B1240-6662-4230-9C70-07678358CE77}"
EndProject
Project("{9A19103F-16F7-4668-BE54-9A1E7A4F7556}") = "18Enumeration", "18Enumeration\18Enumeration.csproj", "{33A1F140-6091-4DFE-BC14-09B9632DE0C2}"
EndProject
Project("{9A19103F-16F7-4668-BE54-9A1E7A4F7556}") = "19ModificadoresDeAcesso", "19ModificadoresDeAcesso\19ModificadoresDeAcesso.csproj", "{CF590779-791F-4B4B-BD6D-1AF1AEFC9481}"
EndProject
Project("{9A19103F-16F7-4668-BE54-9A1E7A4F7556}") = "20TratamentoErros", "20TratamentoErros\20TratamentoErros.csproj", "{A6C9434D-DA78-4387-858A-EDBEF2A67260}"
EndProject
Project("{9A19103F-16F7-4668-BE54-9A1E7A4F7556}") = "21TiposAnônimos", "21TiposAnônimos\21TiposAnônimos.csproj", "{4174E109-7ED2-4A29-8B08-BDF3D448AE4F}"
EndProject
Project("{9A19103F-16F7-4668-BE54-9A1E7A4F7556}") = "22PartialClass", "22PartialClass\22PartialClass.csproj", "{0A38E65D-731F-4CCB-8C70-BA1F39F2E890}"
EndProject
Project("{2150E333-8FDC-42A3-9474-1A3956D46DE8}") = "Classes & Métodos", "Classes & Métodos", "{22C6100A-D7ED-4867-8D4F-D56621AC08B1}"
EndProject
Project("{2150E333-8FDC-42A3-9474-1A3956D46DE8}") = "Arrays", "Arrays", "{0906DBD3-6204-439A-ACCF-7B30094011F6}"
EndProject
Project("{9A19103F-16F7-4668-BE54-9A1E7A4F7556}") = "1Arrays", "1Arrays\1Arrays.csproj", "{92BFEE85-CC27-4525-BD13-7BB31F418068}"
EndProject
Project("{9A19103F-16F7-4668-BE54-9A1E7A4F7556}") = "ClasseArrayMetodos", "ClasseArrayMetodos\ClasseArrayMetodos.csproj", "{7AF285CA-16D5-47BB-A353-E663DFD3ED65}"
EndProject
Project("{2150E333-8FDC-42A3-9474-1A3956D46DE8}") = "Exercicios", "Exercicios", "{F62A7CB6-D4CE-4FFC-B570-7966AD4CF419}"
EndProject
Project("{9A19103F-16F7-4668-BE54-9A1E7A4F7556}") = "ExercicioArray", "Exercicio01\ExercicioArray.csproj", "{7BA40C44-07F3-4A8F-935F-4985D00F703F}"
EndProject
Project("{9A19103F-16F7-4668-BE54-9A1E7A4F7556}") = "ModificadorParams", "ModificadorParams\ModificadorParams.csproj", "{1D6A6CCE-1509-43FA-B801-135BBD264C31}"
EndProject
Project("{9A19103F-16F7-4668-BE54-9A1E7A4F7556}") = "ArraysBidimensionais", "ArraysBidimensionais\ArraysBidimensionais.csproj", "{B4A7D23A-010E-4F21-921D-B0296C600262}"
EndProject
Project("{9A19103F-16F7-4668-BE54-9A1E7A4F7556}") = "3ArraysBidimensionais", "3ArraysBidimensionais\3ArraysBidimensionais.csproj", "{F5B5DC47-DD86-4F30-B659-96C6EE531233}"
EndProject
Project("{9A19103F-16F7-4668-BE54-9A1E7A4F7556}") = "ExercicioArrayBidimensional", "ExercicioArrayBidimensional\ExercicioArrayBidimensional.csproj", "{7E992278-6472-4E9C-8C31-79E6ECE810F8}"
EndProject
Project("{9A19103F-16F7-4668-BE54-9A1E7A4F7556}") = "6ArrayList", "6ArrayList\6ArrayList.csproj", "{E10DC5BF-CEFD-4208-9B6B-2AD64425EC03}"
EndProject
Project("{9A19103F-16F7-4668-BE54-9A1E7A4F7556}") = "7List", "7List\7List.csproj", "{15255F14-B384-4941-B686-F233BD05C3C6}"
EndProject
Project("{9A19103F-16F7-4668-BE54-9A1E7A4F7556}") = "CSharpList", "CSharpList\CSharpList.csproj", "{43BFC240-BE19-463A-B95A-148ED6A3E8D7}"
EndProject
Project("{9A19103F-16F7-4668-BE54-9A1E7A4F7556}") = "ExemploLimiteList", "ExemploLimiteList\ExemploLimiteList.csproj", "{73AE2A92-56B7-4F6A-B2E4-375C3F2065DB}"
EndProject
Project("{9A19103F-16F7-4668-BE54-9A1E7A4F7556}") = "ListExercicio1", "ListExercicio1\ListExercicio1.csproj", "{44C0201E-5E82-4CED-8C0F-9F630E3459DA}"
EndProject
Project("{9A19103F-16F7-4668-BE54-9A1E7A4F7556}") = "ListExercicio1Macorati", "ListExercicio1Macorati\ListExercicio1Macorati.csproj", "{D87E003A-AD14-4814-B30E-003844EABD4A}"
EndProject
Project("{9A19103F-16F7-4668-BE54-9A1E7A4F7556}") = "10Indexadores", "10Indexadores\10Indexadores.csproj", "{0CFCC1DA-CC8B-4E82-9127-A9547D769ED2}"
EndProject
Project("{9A19103F-16F7-4668-BE54-9A1E7A4F7556}") = "12NumerosAleatorios", "12NumerosAleatorios\12NumerosAleatorios.csproj", "{CC060E91-5AFB-42ED-AFBB-EAAF7B3D76E4}"
EndProject
Project("{9A19103F-16F7-4668-BE54-9A1E7A4F7556}") = "Exercicio01-Exercicios", "Exercicio01-Exercicios\Exercicio01-Exercicios.csproj", "{BD863622-F6B2-4BE7-9ADF-EEA0474B6691}"
EndProject
Project("{9A19103F-16F7-4668-BE54-9A1E7A4F7556}") = "Exercicio02", "Exercicio02\Exercicio02.csproj", "{C79858C0-9722-498A-A773-51291C03F8EF}"
EndProject
Project("{9A19103F-16F7-4668-BE54-9A1E7A4F7556}") = "Exercicio03", "Exercicio03\Exercicio03.csproj", "{828C1EBD-8F98-4C2C-B105-646090A950D0}"
EndProject
Project("{9A19103F-16F7-4668-BE54-9A1E7A4F7556}") = "Exercicio04", "Exercicio04\Exercicio04.csproj", "{A6797EF7-58F0-49F5-A0FE-454C19800F63}"
EndProject
Project("{9A19103F-16F7-4668-BE54-9A1E7A4F7556}") = "Exercicio05", "Exercicio05\Exercicio05.csproj", "{903CC6DD-6D7C-449D-81F2-1092FBB26FD8}"
EndProject
Project("{9A19103F-16F7-4668-BE54-9A1E7A4F7556}") = "Exercicio06", "Exercicio06\Exercicio06.csproj", "{9D8FA4FA-7FED-4996-9B7F-171EE9EA3212}"
EndProject
Project("{9A19103F-16F7-4668-BE54-9A1E7A4F7556}") = "Exercicio07", "Exercicio07\Exercicio07.csproj", "{5D930E08-7864-4961-AE28-38BC77E26DD3}"
EndProject
Project("{2150E333-8FDC-42A3-9474-1A3956D46DE8}") = "Orientação à objetos", "Orientação à objetos", "{F60AD21C-E29D-40B4-877A-7341C7BE41FC}"
EndProject
Project("{9A19103F-16F7-4668-BE54-9A1E7A4F7556}") = "1Heranca_ConceitoSintaxe", "1Heranca_ConceitoSintaxe\1Heranca_ConceitoSintaxe.csproj", "{335787AC-F524-45E3-B013-4F7C0EDC0CA9}"
EndProject
Project("{9A19103F-16F7-4668-BE54-9A1E7A4F7556}") = "2Heranca_ModiAcesso", "2Heranca_ModiAcesso\2Heranca_ModiAcesso.csproj", "{9E39B170-09EC-4839-B14F-37C2FD2A85FB}"
EndProject
Project("{9A19103F-16F7-4668-BE54-9A1E7A4F7556}") = "3Heranca_Construtores", "3Heranca_Construtores\3Heranca_Construtores.csproj", "{37AFAB32-A757-473E-B953-DC6E38B76EE2}"
EndProject
Project("{9A19103F-16F7-4668-BE54-9A1E7A4F7556}") = "4Heranca_Object", "4Heranca_Object\4Heranca_Object.csproj", "{1A6E7488-B57C-45CC-88F1-E4E728E22AD2}"
EndProject
Project("{9A19103F-16F7-4668-BE54-9A1E7A4F7556}") = "5Heranca_Modificador_New", "5Heranca_Modificador_New\5Heranca_Modificador_New.csproj", "{B88F2B95-6A6F-40C9-B1E9-EE1C3DF8D834}"
EndProject
Project("{9A19103F-16F7-4668-BE54-9A1E7A4F7556}") = "6Heranca_VirtualOverride", "6Heranca_VirtualOverride\6Heranca_VirtualOverride.csproj", "{DF06A273-5704-4111-8FE6-F815EE3D64CB}"
EndProject
Project("{9A19103F-16F7-4668-BE54-9A1E7A4F7556}") = "7Heranca_Sealed", "7Heranca_Sealed\7Heranca_Sealed.csproj", "{2FB531A2-FE43-49C3-8B09-3391B508B8BB}"
EndProject
Project("{2150E333-8FDC-42A3-9474-1A3956D46DE8}") = "Exercicios", "Exercicios", "{C12F4E66-FC2A-4361-B896-0BF5286D0C2F}"
EndProject
Project("{9A19103F-16F7-4668-BE54-9A1E7A4F7556}") = "Banco", "Banco\Banco.csproj", "{FA2F8239-B90F-4CD3-8CF6-78CE36CF9A9A}"
EndProject
Project("{9A19103F-16F7-4668-BE54-9A1E7A4F7556}") = "HerançaExercicioMacoratti", "HerançaExercicioMacoratti\HerançaExercicioMacoratti.csproj", "{669B033F-2D2A-4004-895D-CCA2E2C0DC33}"
EndProject
Project("{9A19103F-16F7-4668-BE54-9A1E7A4F7556}") = "8Heranca_Tipos", "8Heranca_Tipos\8Heranca_Tipos.csproj", "{5A2A243B-5BF4-440C-AFF8-61BC750B6A6C}"
EndProject
Project("{9A19103F-16F7-4668-BE54-9A1E7A4F7556}") = "9Heranca_Upcastingdown", "9Heranca_Upcastingdown\9Heranca_Upcastingdown.csproj", "{04526A1C-D0C7-498E-8C78-547E8BF2E84F}"
EndProject
Project("{9A19103F-16F7-4668-BE54-9A1E7A4F7556}") = "10Heranca_is_as", "10Heranca_is_as\10Heranca_is_as.csproj", "{68238058-6CD2-410A-AC4E-C731175ED21A}"
EndProject
Project("{9A19103F-16F7-4668-BE54-9A1E7A4F7556}") = "11Heranca_Abstract", "11Heranca_Abstract\11Heranca_Abstract.csproj", "{46447A28-DFD7-4A2F-A1EA-13A1D19A385D}"
EndProject
Project("{9A19103F-16F7-4668-BE54-9A1E7A4F7556}") = "12Interfaces", "12Interfaces\12Interfaces.csproj", "{9D0CC4DB-3614-43FC-BEB5-79B55A155753}"
EndProject
Project("{9A19103F-16F7-4668-BE54-9A1E7A4F7556}") = "13Interfaces_Exercicio", "13Interfaces_Exercicio\13Interfaces_Exercicio.csproj", "{53CDA84F-4196-423B-91B5-78FA0F1D02C9}"
EndProject
Project("{9A19103F-16F7-4668-BE54-9A1E7A4F7556}") = "16Agregação", "16Agregação\16Agregação.csproj", "{D95DC8D7-2AA7-4D6A-AA9F-FCA8525E75E2}"
EndProject
Project("{9A19103F-16F7-4668-BE54-9A1E7A4F7556}") = "17Acoplamento", "17Acoplamento\17Acoplamento.csproj", "{D8EF49EA-EC12-432D-AA2C-729435080CD9}"
EndProject
Project("{9A19103F-16F7-4668-BE54-9A1E7A4F7556}") = "18Polimorfismo1", "18Polimorfismo1\18Polimorfismo1.csproj", "{5C97625C-D6F5-4781-BBE1-7310D717D771}"
EndProject
Project("{9A19103F-16F7-4668-BE54-9A1E7A4F7556}") = "18Polimorfismo2", "18Polimorfismo2\18Polimorfismo2.csproj", "{1D42BB3F-39F7-43F7-AEEC-5182441355CD}"
EndProject
Project("{9A19103F-16F7-4668-BE54-9A1E7A4F7556}") = "Exercicio01-OOP", "Exercicio01OOP\Exercicio01-OOP.csproj", "{676585CB-2F6F-409E-8EB4-033CAD5D0E4B}"
EndProject
Project("{9A19103F-16F7-4668-BE54-9A1E7A4F7556}") = "Exercicio02-OOP", "Exercicio02-OOP\Exercicio02-OOP.csproj", "{1B2A4AC9-6358-499F-9868-15632A93427E}"
EndProject
Project("{9A19103F-16F7-4668-BE54-9A1E7A4F7556}") = "Exercicio03-OOP", "Exercicio03-OOP\Exercicio03-OOP.csproj", "{ECE9F51E-F139-4C45-B89B-75A93A26AF3E}"
EndProject
Project("{9A19103F-16F7-4668-BE54-9A1E7A4F7556}") = "Exercicio04-OOP", "Exercicio04-OOP\Exercicio04-OOP.csproj", "{0DB32B4E-352B-4566-9226-15432663F3A5}"
EndProject
Project("{9A19103F-16F7-4668-BE54-9A1E7A4F7556}") = "Exercicio10-OOP", "Exercicio10-OOP\Exercicio10-OOP.csproj", "{07019823-034F-4AD6-91DF-9CD9B780BB9A}"
EndProject
Project("{2150E333-8FDC-42A3-9474-1A3956D46DE8}") = "Generics & Coleções Genéricas", "Generics & Coleções Genéricas", "{8D40977E-166E-4ACA-8B2B-339BDB3DE785}"
EndProject
Project("{9A19103F-16F7-4668-BE54-9A1E7A4F7556}") = "01Generics", "01Generics\01Generics.csproj", "{8ABC9029-914F-4545-8F16-93B360AE5939}"
EndProject
Project("{9A19103F-16F7-4668-BE54-9A1E7A4F7556}") = "02Generics", "02Generics\02Generics.csproj", "{D1E53AC7-425C-4919-B5F4-A349290240BC}"
EndProject
Project("{2150E333-8FDC-42A3-9474-1A3956D46DE8}") = "Exercicios", "Exercicios", "{D507935E-8492-46D7-BEA7-B08BC764C670}"
EndProject
Project("{9A19103F-16F7-4668-BE54-9A1E7A4F7556}") = "ExercicioGenerics", "ExercicioGenerics\ExercicioGenerics.csproj", "{059F02C4-9FF1-4CFB-B6E4-DD195354ED35}"
EndProject
Project("{9A19103F-16F7-4668-BE54-9A1E7A4F7556}") = "061GetHashCode_equals", "061GetHashCode_equals\061GetHashCode_equals.csproj", "{7E091C79-31A0-4FC8-BA21-CDDAA08F6987}"
EndProject
Project("{9A19103F-16F7-4668-BE54-9A1E7A4F7556}") = "06Dictionary", "06Dictionary\06Dictionary.csproj", "{50D9FEE3-4D19-45E3-B472-A4C9D4AE91F3}"
EndProject
Project("{9A19103F-16F7-4668-BE54-9A1E7A4F7556}") = "ExercicioDictionary", "ExercicioDictionary\ExercicioDictionary.csproj", "{D65927C9-2AD0-4E34-ACAF-B1AC8BB3290E}"
EndProject
Project("{9A19103F-16F7-4668-BE54-9A1E7A4F7556}") = "SortedDictionary", "SortedDictionary\SortedDictionary.csproj", "{694CE8F8-FEE3-4E4E-BCAB-535B8F51B6D0}"
EndProject
Project("{9A19103F-16F7-4668-BE54-9A1E7A4F7556}") = "09HashSet", "09HashSet\09HashSet.csproj", "{41366467-60FB-4E68-A1BB-D91EF784C6F6}"
EndProject
Project("{9A19103F-16F7-4668-BE54-9A1E7A4F7556}") = "09HashSet-II", "09HashSet-II\09HashSet-II.csproj", "{BAC61AF4-F0D0-4B62-9887-FB76BACA8504}"
EndProject
Project("{9A19103F-16F7-4668-BE54-9A1E7A4F7556}") = "12SortedSet", "12SortedSet\12SortedSet.csproj", "{F7D75A7D-A5A7-45FB-A06C-B990E6AF2F9B}"
EndProject
Project("{9A19103F-16F7-4668-BE54-9A1E7A4F7556}") = "13Stack", "13Stack\13Stack.csproj", "{77A5E722-819F-466C-9B19-E87A398CB181}"
EndProject
Project("{9A19103F-16F7-4668-BE54-9A1E7A4F7556}") = "14StackUndo", "14StackUndo\14StackUndo.csproj", "{D5F7583F-6A21-4267-BE72-2D14F45F7A6A}"
EndProject
Project("{9A19103F-16F7-4668-BE54-9A1E7A4F7556}") = "14Queue", "14Queue\14Queue.csproj", "{52190066-9FAC-46B6-A576-1A3551CD0D87}"
EndProject
Project("{9A19103F-16F7-4668-BE54-9A1E7A4F7556}") = "17QueueExercicios", "17QueueExercicios\17QueueExercicios.csproj", "{54AFA0EE-DF9B-443A-AC6C-ECB1A6DCA17E}"
EndProject
Project("{9A19103F-16F7-4668-BE54-9A1E7A4F7556}") = "18ColecaoSomenteLeitura", "18ColecaoSomenteLeitura\18ColecaoSomenteLeitura.csproj", "{032DA0D0-71A7-43D6-9E0A-CE67B0627E65}"
EndProject
Project("{9A19103F-16F7-4668-BE54-9A1E7A4F7556}") = "18ColecaoSomenteLeituraEx2", "18ColecaoSomenteLeituraEx2\18ColecaoSomenteLeituraEx2.csproj", "{45A95AE3-D48B-4105-8606-173EC5B43217}"
EndProject
Project("{9A19103F-16F7-4668-BE54-9A1E7A4F7556}") = "Exercicio01Generics", "Exercicio01Generics\Exercicio01Generics.csproj", "{96C21DB3-0198-470E-991E-82D109F359F5}"
EndProject
Project("{9A19103F-16F7-4668-BE54-9A1E7A4F7556}") = "Exercicio02Generics", "Exercicio02Generics\Exercicio02Generics.csproj", "{79F9B1AD-651E-4EA1-8F9F-0E2554B7507B}"
EndProject
Project("{9A19103F-16F7-4668-BE54-9A1E7A4F7556}") = "Exercicio03Generics", "Exercicio03Generics\Exercicio03Generics.csproj", "{0BF96459-8909-40E1-A364-3EED49E4FDA8}"
EndProject
Project("{9A19103F-16F7-4668-BE54-9A1E7A4F7556}") = "Exercicio04Generics", "Exercicio04Generics\Exercicio04Generics.csproj", "{725FD6BF-2E42-4639-A501-FE6995DD3013}"
EndProject
Project("{9A19103F-16F7-4668-BE54-9A1E7A4F7556}") = "Exercicio05Generics", "Exercicio05Generics\Exercicio05Generics.csproj", "{BDC4EE92-6D09-4E14-AC24-768519E471B6}"
EndProject
Project("{2150E333-8FDC-42A3-9474-1A3956D46DE8}") = "Tratamento de erros", "Tratamento de erros", "{A489ADCF-194C-4CCC-9B32-865EBD2D934B}"
EndProject
Project("{9A19103F-16F7-4668-BE54-9A1E7A4F7556}") = "01TryCatchFinally", "01TryCatchFinally\01TryCatchFinally.csproj", "{B1EFCBCF-C665-487A-8458-FC1AEF1A7D6D}"
EndProject
Project("{9A19103F-16F7-4668-BE54-9A1E7A4F7556}") = "03LançandoExcecoes", "03LançandoExcecoes\03LançandoExcecoes.csproj", "{8E6A49E3-6519-4849-AF5C-266ECFE6441F}"
EndProject
Project("{9A19103F-16F7-4668-BE54-9A1E7A4F7556}") = "04FiltrarExcecoes", "04FiltrarExcecoes\04FiltrarExcecoes.csproj", "{E0462962-AF81-4C1B-A31E-D55E2837839C}"
EndProject
Project("{9A19103F-16F7-4668-BE54-9A1E7A4F7556}") = "05FiltroExercicios", "05FiltroExercicios\05FiltroExercicios.csproj", "{8F69DE4B-62E3-4200-9ADC-F5934DFA40AC}"
EndProject
Project("{9A19103F-16F7-4668-BE54-9A1E7A4F7556}") = "06ExcecoesPersonalizadas", "06ExcecoesPersonalizadas\06ExcecoesPersonalizadas.csproj", "{FB7448CE-E91E-491D-9797-EB99A5F384EE}"
EndProject
Project("{2150E333-8FDC-42A3-9474-1A3956D46DE8}") = "Exercicios", "Exercicios", "{685A4135-47DD-4E41-9AFC-E451C3716F8D}"
EndProject
Project("{9A19103F-16F7-4668-BE54-9A1E7A4F7556}") = "Exercicio1", "Exercicio1\Exercicio1.csproj", "{24C7C1A9-B357-45CC-A440-08AC00C17D57}"
EndProject
Project("{9A19103F-16F7-4668-BE54-9A1E7A4F7556}") = "Exercicio2", "Exercicio2\Exercicio2.csproj", "{F0FA5D44-A4D9-4D74-A163-8CD0ED971734}"
EndProject
Project("{9A19103F-16F7-4668-BE54-9A1E7A4F7556}") = "Exercicio3", "Exercicio3\Exercicio3.csproj", "{A4E5DA7F-8595-4A7F-AE9C-38A595C3B613}"
EndProject
Project("{2150E333-8FDC-42A3-9474-1A3956D46DE8}") = "Delegates, Expressões Lambda, Eventos & LINQ", "Delegates, Expressões Lambda, Eventos & LINQ", "{76177E64-6DFD-4C6E-BDF0-4FEC7030C55A}"
EndProject
Project("{9A19103F-16F7-4668-BE54-9A1E7A4F7556}") = "01Delegates", "01Delegates\01Delegates.csproj", "{F167AD13-1BFE-42F7-ABDB-2BB9BD923194}"
EndProject
Project("{9A19103F-16F7-4668-BE54-9A1E7A4F7556}") = "02DelegatesMulticast", "02DelegatesMulticast\02DelegatesMulticast.csproj", "{F184D63E-5B2A-41C1-8FF2-917C642E8EE6}"
EndProject
Project("{9A19103F-16F7-4668-BE54-9A1E7A4F7556}") = "03MetodosAnonimos", "03MetodosAnonimos\03MetodosAnonimos.csproj", "{C5B4928C-250F-41B3-9C8C-A0075D33F7CA}"
EndProject
Project("{9A19103F-16F7-4668-BE54-9A1E7A4F7556}") = "04ExpressaoLambda", "04ExpressaoLambda\04ExpressaoLambda.csproj", "{DD348E89-7FA6-4A98-8793-D63A02C37D86}"
EndProject
Project("{9A19103F-16F7-4668-BE54-9A1E7A4F7556}") = "06DelegatePredicate", "06DelegatePredicate\06DelegatePredicate.csproj", "{76752A87-CF17-483D-8B9C-EBB5923BF15C}"
EndProject
Project("{9A19103F-16F7-4668-BE54-9A1E7A4F7556}") = "07DelegateAction", "07DelegateAction\07DelegateAction.csproj", "{12B58D19-D296-4A60-A385-B1AF7C2DFC26}"
EndProject
Project("{9A19103F-16F7-4668-BE54-9A1E7A4F7556}") = "08DelegateFunc", "08DelegateFunc\08DelegateFunc.csproj", "{9F4FF913-8BCC-46D6-A707-F868CCA79EC4}"
EndProject
Project("{9A19103F-16F7-4668-BE54-9A1E7A4F7556}") = "09DelegatesExercicio", "09DelegatesExercicio\09DelegatesExercicio.csproj", "{878F402E-6360-4490-A0B8-2855FC555D6D}"
EndProject
Project("{9A19103F-16F7-4668-BE54-9A1E7A4F7556}") = "11Eventos", "11Eventos\11Eventos.csproj", "{0E831750-C4FF-4396-BF8D-C14783B17BAE}"
EndProject
Project("{9A19103F-16F7-4668-BE54-9A1E7A4F7556}") = "12EventHandler", "12EventHandler\12EventHandler.csproj", "{12B12A26-FA95-41D3-8F85-97C893ED3079}"
EndProject
Project("{9A19103F-16F7-4668-BE54-9A1E7A4F7556}") = "13EventHandlerDados", "13EventHandlerDados\13EventHandlerDados.csproj", "{6D45CFE1-7961-4ED6-B0E2-ADAFA1BFE749}"
EndProject
Project("{9A19103F-16F7-4668-BE54-9A1E7A4F7556}") = "14MetodosDeExtensao", "14MetodosDeExtensao\14MetodosDeExtensao.csproj", "{7B5C13D8-5A0A-4D30-97DB-70C5F7560F4B}"
EndProject
Project("{9A19103F-16F7-4668-BE54-9A1E7A4F7556}") = "15Linq", "15Linq\15Linq.csproj", "{D4949914-6E5B-4D1D-9C63-4C36A453A78E}"
EndProject
Project("{9A19103F-16F7-4668-BE54-9A1E7A4F7556}") = "16LinqII", "16LinqII\16LinqII.csproj", "{72DBE1A3-6BC3-497F-8ADA-F6A67ADE08E6}"
EndProject
Project("{9A19103F-16F7-4668-BE54-9A1E7A4F7556}") = "17LinqIII", "LinqIII\17LinqIII.csproj", "{0D651C71-575D-4B0D-9897-C29934573A19}"
EndProject
Project("{9A19103F-16F7-4668-BE54-9A1E7A4F7556}") = "18LinqAgrupamento", "18LinqAgrupamento\18LinqAgrupamento.csproj", "{C861C073-5367-41D2-8CF8-C47D123B3466}"
EndProject
Project("{2150E333-8FDC-42A3-9474-1A3956D46DE8}") = "Exercicios", "Exercicios", "{7B568478-BDD1-4D81-B4AC-61606C82E15C}"
EndProject
Project("{9A19103F-16F7-4668-BE54-9A1E7A4F7556}") = "exercicio1-delegate", "exercicio1-delegate\exercicio1-delegate.csproj", "{F5F36A56-D197-48F6-83FE-CAFC2A1823DD}"
EndProject
Project("{9A19103F-16F7-4668-BE54-9A1E7A4F7556}") = "exercicio02-delegate", "exercicio02-delegate\exercicio02-delegate.csproj", "{6D7157D0-1287-46B9-ABCE-B761F33AA99C}"
EndProject
Project("{9A19103F-16F7-4668-BE54-9A1E7A4F7556}") = "exercicio03-delegate", "exercicio03-delegate\exercicio03-delegate.csproj", "{D65AD429-3B2C-4CB7-847D-98E65B170949}"
EndProject
Project("{9A19103F-16F7-4668-BE54-9A1E7A4F7556}") = "exercicio04-delegateAction", "exercicio04-delegateAction\exercicio04-delegateAction.csproj", "{7757D47E-15C9-4029-B604-40494DA0E3C6}"
EndProject
Project("{9A19103F-16F7-4668-BE54-9A1E7A4F7556}") = "exercicio05-delegate", "exercicio05-delegate\exercicio05-delegate.csproj", "{48FE6D1D-7EC0-4BC9-8F88-6B1B93ACAE82}"
EndProject
Project("{9A19103F-16F7-4668-BE54-9A1E7A4F7556}") = "Exercicio06-Delegate", "Exercicio06-Delegate\Exercicio06-Delegate.csproj", "{0C842AE2-7247-4760-8B37-A39CE903FE94}"
EndProject
Project("{2150E333-8FDC-42A3-9474-1A3956D46DE8}") = "Arquivos, diretórios e streams", "Arquivos, diretórios e streams", "{0F629EC4-B31F-4CD1-84EF-624CB42A5F59}"
EndProject
Project("{9A19103F-16F7-4668-BE54-9A1E7A4F7556}") = "ArquivosDiretórios", "ArquivosDiretórios\ArquivosDiretórios.csproj", "{4742BA70-1B83-4BAF-BE75-41A9F7030FAA}"
EndProject
Project("{FAE04EC0-301F-11D3-BF4B-00C04F79EFBC}") = "02FileInfo01", "02FileInfo01\02FileInfo01.csproj", "{7EDDC5E4-8BDC-4458-B846-9E6DE618ABD0}"
EndProject
Project("{FAE04EC0-301F-11D3-BF4B-00C04F79EFBC}") = "03Directory1", "03Directory1\03Directory1.csproj", "{B7740D71-9A49-4559-82CE-BAA174ED1394}"
EndProject
Project("{FAE04EC0-301F-11D3-BF4B-00C04F79EFBC}") = "04DirectoryInfo", "04DirectoryInfo\04DirectoryInfo.csproj", "{F8B90FFD-FA80-4119-8637-C9A95500C109}"
EndProject
Global
	GlobalSection(SolutionConfigurationPlatforms) = preSolution
		Debug|Any CPU = Debug|Any CPU
		Release|Any CPU = Release|Any CPU
	EndGlobalSection
	GlobalSection(ProjectConfigurationPlatforms) = postSolution
		{4EEF2E4D-3CBC-4E7F-AD79-CB20F53CCE18}.Debug|Any CPU.ActiveCfg = Debug|Any CPU
		{4EEF2E4D-3CBC-4E7F-AD79-CB20F53CCE18}.Debug|Any CPU.Build.0 = Debug|Any CPU
		{4EEF2E4D-3CBC-4E7F-AD79-CB20F53CCE18}.Release|Any CPU.ActiveCfg = Release|Any CPU
		{4EEF2E4D-3CBC-4E7F-AD79-CB20F53CCE18}.Release|Any CPU.Build.0 = Release|Any CPU
		{6AE61B59-6D76-44F7-A106-6F2DF8793C99}.Debug|Any CPU.ActiveCfg = Debug|Any CPU
		{6AE61B59-6D76-44F7-A106-6F2DF8793C99}.Debug|Any CPU.Build.0 = Debug|Any CPU
		{6AE61B59-6D76-44F7-A106-6F2DF8793C99}.Release|Any CPU.ActiveCfg = Release|Any CPU
		{6AE61B59-6D76-44F7-A106-6F2DF8793C99}.Release|Any CPU.Build.0 = Release|Any CPU
		{E762BF05-4C52-415F-B47C-3B480CA238B0}.Debug|Any CPU.ActiveCfg = Debug|Any CPU
		{E762BF05-4C52-415F-B47C-3B480CA238B0}.Debug|Any CPU.Build.0 = Debug|Any CPU
		{E762BF05-4C52-415F-B47C-3B480CA238B0}.Release|Any CPU.ActiveCfg = Release|Any CPU
		{E762BF05-4C52-415F-B47C-3B480CA238B0}.Release|Any CPU.Build.0 = Release|Any CPU
		{00EB8969-ED73-4E5A-8097-DA4C965B3D3C}.Debug|Any CPU.ActiveCfg = Debug|Any CPU
		{00EB8969-ED73-4E5A-8097-DA4C965B3D3C}.Debug|Any CPU.Build.0 = Debug|Any CPU
		{00EB8969-ED73-4E5A-8097-DA4C965B3D3C}.Release|Any CPU.ActiveCfg = Release|Any CPU
		{00EB8969-ED73-4E5A-8097-DA4C965B3D3C}.Release|Any CPU.Build.0 = Release|Any CPU
		{8351A433-B7E8-4AD1-965F-E58AE5160267}.Debug|Any CPU.ActiveCfg = Debug|Any CPU
		{8351A433-B7E8-4AD1-965F-E58AE5160267}.Debug|Any CPU.Build.0 = Debug|Any CPU
		{8351A433-B7E8-4AD1-965F-E58AE5160267}.Release|Any CPU.ActiveCfg = Release|Any CPU
		{8351A433-B7E8-4AD1-965F-E58AE5160267}.Release|Any CPU.Build.0 = Release|Any CPU
		{5846F75A-CAA0-44DB-8505-573FA2D3C310}.Debug|Any CPU.ActiveCfg = Debug|Any CPU
		{5846F75A-CAA0-44DB-8505-573FA2D3C310}.Debug|Any CPU.Build.0 = Debug|Any CPU
		{5846F75A-CAA0-44DB-8505-573FA2D3C310}.Release|Any CPU.ActiveCfg = Release|Any CPU
		{5846F75A-CAA0-44DB-8505-573FA2D3C310}.Release|Any CPU.Build.0 = Release|Any CPU
		{7C53FB48-57A7-4389-A31F-9FD060EF7B65}.Debug|Any CPU.ActiveCfg = Debug|Any CPU
		{7C53FB48-57A7-4389-A31F-9FD060EF7B65}.Debug|Any CPU.Build.0 = Debug|Any CPU
		{7C53FB48-57A7-4389-A31F-9FD060EF7B65}.Release|Any CPU.ActiveCfg = Release|Any CPU
		{7C53FB48-57A7-4389-A31F-9FD060EF7B65}.Release|Any CPU.Build.0 = Release|Any CPU
		{D4E3C323-7802-4E02-B7F0-BE24A01E3455}.Debug|Any CPU.ActiveCfg = Debug|Any CPU
		{D4E3C323-7802-4E02-B7F0-BE24A01E3455}.Debug|Any CPU.Build.0 = Debug|Any CPU
		{D4E3C323-7802-4E02-B7F0-BE24A01E3455}.Release|Any CPU.ActiveCfg = Release|Any CPU
		{D4E3C323-7802-4E02-B7F0-BE24A01E3455}.Release|Any CPU.Build.0 = Release|Any CPU
		{3A931B20-9E19-4050-B7DE-A6C4301FBE81}.Debug|Any CPU.ActiveCfg = Debug|Any CPU
		{3A931B20-9E19-4050-B7DE-A6C4301FBE81}.Debug|Any CPU.Build.0 = Debug|Any CPU
		{3A931B20-9E19-4050-B7DE-A6C4301FBE81}.Release|Any CPU.ActiveCfg = Release|Any CPU
		{3A931B20-9E19-4050-B7DE-A6C4301FBE81}.Release|Any CPU.Build.0 = Release|Any CPU
		{59727087-1609-4891-B674-CF92C4F5B123}.Debug|Any CPU.ActiveCfg = Debug|Any CPU
		{59727087-1609-4891-B674-CF92C4F5B123}.Debug|Any CPU.Build.0 = Debug|Any CPU
		{59727087-1609-4891-B674-CF92C4F5B123}.Release|Any CPU.ActiveCfg = Release|Any CPU
		{59727087-1609-4891-B674-CF92C4F5B123}.Release|Any CPU.Build.0 = Release|Any CPU
		{06E3DAE7-6B90-4173-AB6D-34598C17005D}.Debug|Any CPU.ActiveCfg = Debug|Any CPU
		{06E3DAE7-6B90-4173-AB6D-34598C17005D}.Debug|Any CPU.Build.0 = Debug|Any CPU
		{06E3DAE7-6B90-4173-AB6D-34598C17005D}.Release|Any CPU.ActiveCfg = Release|Any CPU
		{06E3DAE7-6B90-4173-AB6D-34598C17005D}.Release|Any CPU.Build.0 = Release|Any CPU
		{F0C2EC65-A34E-415E-A9D8-46AD49579077}.Debug|Any CPU.ActiveCfg = Debug|Any CPU
		{F0C2EC65-A34E-415E-A9D8-46AD49579077}.Debug|Any CPU.Build.0 = Debug|Any CPU
		{F0C2EC65-A34E-415E-A9D8-46AD49579077}.Release|Any CPU.ActiveCfg = Release|Any CPU
		{F0C2EC65-A34E-415E-A9D8-46AD49579077}.Release|Any CPU.Build.0 = Release|Any CPU
		{2AEB809A-51F3-4A11-BDBF-B127200450D4}.Debug|Any CPU.ActiveCfg = Debug|Any CPU
		{2AEB809A-51F3-4A11-BDBF-B127200450D4}.Debug|Any CPU.Build.0 = Debug|Any CPU
		{2AEB809A-51F3-4A11-BDBF-B127200450D4}.Release|Any CPU.ActiveCfg = Release|Any CPU
		{2AEB809A-51F3-4A11-BDBF-B127200450D4}.Release|Any CPU.Build.0 = Release|Any CPU
		{4CC9225C-421E-4FE9-8ADB-25E0E0359408}.Debug|Any CPU.ActiveCfg = Debug|Any CPU
		{4CC9225C-421E-4FE9-8ADB-25E0E0359408}.Debug|Any CPU.Build.0 = Debug|Any CPU
		{4CC9225C-421E-4FE9-8ADB-25E0E0359408}.Release|Any CPU.ActiveCfg = Release|Any CPU
		{4CC9225C-421E-4FE9-8ADB-25E0E0359408}.Release|Any CPU.Build.0 = Release|Any CPU
		{2C304376-3C6E-4306-BB62-BF2F4A6B4D92}.Debug|Any CPU.ActiveCfg = Debug|Any CPU
		{2C304376-3C6E-4306-BB62-BF2F4A6B4D92}.Debug|Any CPU.Build.0 = Debug|Any CPU
		{2C304376-3C6E-4306-BB62-BF2F4A6B4D92}.Release|Any CPU.ActiveCfg = Release|Any CPU
		{2C304376-3C6E-4306-BB62-BF2F4A6B4D92}.Release|Any CPU.Build.0 = Release|Any CPU
		{3A474751-4C78-439F-BD5F-A31F7877B401}.Debug|Any CPU.ActiveCfg = Debug|Any CPU
		{3A474751-4C78-439F-BD5F-A31F7877B401}.Debug|Any CPU.Build.0 = Debug|Any CPU
		{3A474751-4C78-439F-BD5F-A31F7877B401}.Release|Any CPU.ActiveCfg = Release|Any CPU
		{3A474751-4C78-439F-BD5F-A31F7877B401}.Release|Any CPU.Build.0 = Release|Any CPU
		{0B64640C-FC1C-4D57-992C-2220EAB332AE}.Debug|Any CPU.ActiveCfg = Debug|Any CPU
		{0B64640C-FC1C-4D57-992C-2220EAB332AE}.Debug|Any CPU.Build.0 = Debug|Any CPU
		{0B64640C-FC1C-4D57-992C-2220EAB332AE}.Release|Any CPU.ActiveCfg = Release|Any CPU
		{0B64640C-FC1C-4D57-992C-2220EAB332AE}.Release|Any CPU.Build.0 = Release|Any CPU
		{B62E6021-4B8D-46E9-B87E-10AE7E7587B9}.Debug|Any CPU.ActiveCfg = Debug|Any CPU
		{B62E6021-4B8D-46E9-B87E-10AE7E7587B9}.Debug|Any CPU.Build.0 = Debug|Any CPU
		{B62E6021-4B8D-46E9-B87E-10AE7E7587B9}.Release|Any CPU.ActiveCfg = Release|Any CPU
		{B62E6021-4B8D-46E9-B87E-10AE7E7587B9}.Release|Any CPU.Build.0 = Release|Any CPU
		{40902F66-D7CD-468E-89AD-404A9DAEBB90}.Debug|Any CPU.ActiveCfg = Debug|Any CPU
		{40902F66-D7CD-468E-89AD-404A9DAEBB90}.Debug|Any CPU.Build.0 = Debug|Any CPU
		{40902F66-D7CD-468E-89AD-404A9DAEBB90}.Release|Any CPU.ActiveCfg = Release|Any CPU
		{40902F66-D7CD-468E-89AD-404A9DAEBB90}.Release|Any CPU.Build.0 = Release|Any CPU
		{BA6396D3-B236-4B8F-BF7B-2E29799F3848}.Debug|Any CPU.ActiveCfg = Debug|Any CPU
		{BA6396D3-B236-4B8F-BF7B-2E29799F3848}.Debug|Any CPU.Build.0 = Debug|Any CPU
		{BA6396D3-B236-4B8F-BF7B-2E29799F3848}.Release|Any CPU.ActiveCfg = Release|Any CPU
		{BA6396D3-B236-4B8F-BF7B-2E29799F3848}.Release|Any CPU.Build.0 = Release|Any CPU
		{6CF78DBC-EBB1-4FEB-8BDE-774368E753A9}.Debug|Any CPU.ActiveCfg = Debug|Any CPU
		{6CF78DBC-EBB1-4FEB-8BDE-774368E753A9}.Debug|Any CPU.Build.0 = Debug|Any CPU
		{6CF78DBC-EBB1-4FEB-8BDE-774368E753A9}.Release|Any CPU.ActiveCfg = Release|Any CPU
		{6CF78DBC-EBB1-4FEB-8BDE-774368E753A9}.Release|Any CPU.Build.0 = Release|Any CPU
		{AC3177D8-90B2-4698-9FF3-181FF702C37B}.Debug|Any CPU.ActiveCfg = Debug|Any CPU
		{AC3177D8-90B2-4698-9FF3-181FF702C37B}.Debug|Any CPU.Build.0 = Debug|Any CPU
		{AC3177D8-90B2-4698-9FF3-181FF702C37B}.Release|Any CPU.ActiveCfg = Release|Any CPU
		{AC3177D8-90B2-4698-9FF3-181FF702C37B}.Release|Any CPU.Build.0 = Release|Any CPU
		{A71F0858-0AC8-458A-B150-E4CC1115A8F5}.Debug|Any CPU.ActiveCfg = Debug|Any CPU
		{A71F0858-0AC8-458A-B150-E4CC1115A8F5}.Debug|Any CPU.Build.0 = Debug|Any CPU
		{A71F0858-0AC8-458A-B150-E4CC1115A8F5}.Release|Any CPU.ActiveCfg = Release|Any CPU
		{A71F0858-0AC8-458A-B150-E4CC1115A8F5}.Release|Any CPU.Build.0 = Release|Any CPU
		{201D3E59-E52F-45A5-BA00-16D2818DF797}.Debug|Any CPU.ActiveCfg = Debug|Any CPU
		{201D3E59-E52F-45A5-BA00-16D2818DF797}.Debug|Any CPU.Build.0 = Debug|Any CPU
		{201D3E59-E52F-45A5-BA00-16D2818DF797}.Release|Any CPU.ActiveCfg = Release|Any CPU
		{201D3E59-E52F-45A5-BA00-16D2818DF797}.Release|Any CPU.Build.0 = Release|Any CPU
		{6CFAB70F-E771-491D-A134-A7B88825FC36}.Debug|Any CPU.ActiveCfg = Debug|Any CPU
		{6CFAB70F-E771-491D-A134-A7B88825FC36}.Debug|Any CPU.Build.0 = Debug|Any CPU
		{6CFAB70F-E771-491D-A134-A7B88825FC36}.Release|Any CPU.ActiveCfg = Release|Any CPU
		{6CFAB70F-E771-491D-A134-A7B88825FC36}.Release|Any CPU.Build.0 = Release|Any CPU
		{3C92F5BA-89F2-49EB-AD9D-E00DFEAD3FC2}.Debug|Any CPU.ActiveCfg = Debug|Any CPU
		{3C92F5BA-89F2-49EB-AD9D-E00DFEAD3FC2}.Debug|Any CPU.Build.0 = Debug|Any CPU
		{3C92F5BA-89F2-49EB-AD9D-E00DFEAD3FC2}.Release|Any CPU.ActiveCfg = Release|Any CPU
		{3C92F5BA-89F2-49EB-AD9D-E00DFEAD3FC2}.Release|Any CPU.Build.0 = Release|Any CPU
		{233B1240-6662-4230-9C70-07678358CE77}.Debug|Any CPU.ActiveCfg = Debug|Any CPU
		{233B1240-6662-4230-9C70-07678358CE77}.Debug|Any CPU.Build.0 = Debug|Any CPU
		{233B1240-6662-4230-9C70-07678358CE77}.Release|Any CPU.ActiveCfg = Release|Any CPU
		{233B1240-6662-4230-9C70-07678358CE77}.Release|Any CPU.Build.0 = Release|Any CPU
		{33A1F140-6091-4DFE-BC14-09B9632DE0C2}.Debug|Any CPU.ActiveCfg = Debug|Any CPU
		{33A1F140-6091-4DFE-BC14-09B9632DE0C2}.Debug|Any CPU.Build.0 = Debug|Any CPU
		{33A1F140-6091-4DFE-BC14-09B9632DE0C2}.Release|Any CPU.ActiveCfg = Release|Any CPU
		{33A1F140-6091-4DFE-BC14-09B9632DE0C2}.Release|Any CPU.Build.0 = Release|Any CPU
		{CF590779-791F-4B4B-BD6D-1AF1AEFC9481}.Debug|Any CPU.ActiveCfg = Debug|Any CPU
		{CF590779-791F-4B4B-BD6D-1AF1AEFC9481}.Debug|Any CPU.Build.0 = Debug|Any CPU
		{CF590779-791F-4B4B-BD6D-1AF1AEFC9481}.Release|Any CPU.ActiveCfg = Release|Any CPU
		{CF590779-791F-4B4B-BD6D-1AF1AEFC9481}.Release|Any CPU.Build.0 = Release|Any CPU
		{A6C9434D-DA78-4387-858A-EDBEF2A67260}.Debug|Any CPU.ActiveCfg = Debug|Any CPU
		{A6C9434D-DA78-4387-858A-EDBEF2A67260}.Debug|Any CPU.Build.0 = Debug|Any CPU
		{A6C9434D-DA78-4387-858A-EDBEF2A67260}.Release|Any CPU.ActiveCfg = Release|Any CPU
		{A6C9434D-DA78-4387-858A-EDBEF2A67260}.Release|Any CPU.Build.0 = Release|Any CPU
		{4174E109-7ED2-4A29-8B08-BDF3D448AE4F}.Debug|Any CPU.ActiveCfg = Debug|Any CPU
		{4174E109-7ED2-4A29-8B08-BDF3D448AE4F}.Debug|Any CPU.Build.0 = Debug|Any CPU
		{4174E109-7ED2-4A29-8B08-BDF3D448AE4F}.Release|Any CPU.ActiveCfg = Release|Any CPU
		{4174E109-7ED2-4A29-8B08-BDF3D448AE4F}.Release|Any CPU.Build.0 = Release|Any CPU
		{0A38E65D-731F-4CCB-8C70-BA1F39F2E890}.Debug|Any CPU.ActiveCfg = Debug|Any CPU
		{0A38E65D-731F-4CCB-8C70-BA1F39F2E890}.Debug|Any CPU.Build.0 = Debug|Any CPU
		{0A38E65D-731F-4CCB-8C70-BA1F39F2E890}.Release|Any CPU.ActiveCfg = Release|Any CPU
		{0A38E65D-731F-4CCB-8C70-BA1F39F2E890}.Release|Any CPU.Build.0 = Release|Any CPU
		{92BFEE85-CC27-4525-BD13-7BB31F418068}.Debug|Any CPU.ActiveCfg = Debug|Any CPU
		{92BFEE85-CC27-4525-BD13-7BB31F418068}.Debug|Any CPU.Build.0 = Debug|Any CPU
		{92BFEE85-CC27-4525-BD13-7BB31F418068}.Release|Any CPU.ActiveCfg = Release|Any CPU
		{92BFEE85-CC27-4525-BD13-7BB31F418068}.Release|Any CPU.Build.0 = Release|Any CPU
		{7AF285CA-16D5-47BB-A353-E663DFD3ED65}.Debug|Any CPU.ActiveCfg = Debug|Any CPU
		{7AF285CA-16D5-47BB-A353-E663DFD3ED65}.Debug|Any CPU.Build.0 = Debug|Any CPU
		{7AF285CA-16D5-47BB-A353-E663DFD3ED65}.Release|Any CPU.ActiveCfg = Release|Any CPU
		{7AF285CA-16D5-47BB-A353-E663DFD3ED65}.Release|Any CPU.Build.0 = Release|Any CPU
		{7BA40C44-07F3-4A8F-935F-4985D00F703F}.Debug|Any CPU.ActiveCfg = Debug|Any CPU
		{7BA40C44-07F3-4A8F-935F-4985D00F703F}.Debug|Any CPU.Build.0 = Debug|Any CPU
		{7BA40C44-07F3-4A8F-935F-4985D00F703F}.Release|Any CPU.ActiveCfg = Release|Any CPU
		{7BA40C44-07F3-4A8F-935F-4985D00F703F}.Release|Any CPU.Build.0 = Release|Any CPU
		{1D6A6CCE-1509-43FA-B801-135BBD264C31}.Debug|Any CPU.ActiveCfg = Debug|Any CPU
		{1D6A6CCE-1509-43FA-B801-135BBD264C31}.Debug|Any CPU.Build.0 = Debug|Any CPU
		{1D6A6CCE-1509-43FA-B801-135BBD264C31}.Release|Any CPU.ActiveCfg = Release|Any CPU
		{1D6A6CCE-1509-43FA-B801-135BBD264C31}.Release|Any CPU.Build.0 = Release|Any CPU
		{B4A7D23A-010E-4F21-921D-B0296C600262}.Debug|Any CPU.ActiveCfg = Debug|Any CPU
		{B4A7D23A-010E-4F21-921D-B0296C600262}.Debug|Any CPU.Build.0 = Debug|Any CPU
		{B4A7D23A-010E-4F21-921D-B0296C600262}.Release|Any CPU.ActiveCfg = Release|Any CPU
		{B4A7D23A-010E-4F21-921D-B0296C600262}.Release|Any CPU.Build.0 = Release|Any CPU
		{F5B5DC47-DD86-4F30-B659-96C6EE531233}.Debug|Any CPU.ActiveCfg = Debug|Any CPU
		{F5B5DC47-DD86-4F30-B659-96C6EE531233}.Debug|Any CPU.Build.0 = Debug|Any CPU
		{F5B5DC47-DD86-4F30-B659-96C6EE531233}.Release|Any CPU.ActiveCfg = Release|Any CPU
		{F5B5DC47-DD86-4F30-B659-96C6EE531233}.Release|Any CPU.Build.0 = Release|Any CPU
		{7E992278-6472-4E9C-8C31-79E6ECE810F8}.Debug|Any CPU.ActiveCfg = Debug|Any CPU
		{7E992278-6472-4E9C-8C31-79E6ECE810F8}.Debug|Any CPU.Build.0 = Debug|Any CPU
		{7E992278-6472-4E9C-8C31-79E6ECE810F8}.Release|Any CPU.ActiveCfg = Release|Any CPU
		{7E992278-6472-4E9C-8C31-79E6ECE810F8}.Release|Any CPU.Build.0 = Release|Any CPU
		{E10DC5BF-CEFD-4208-9B6B-2AD64425EC03}.Debug|Any CPU.ActiveCfg = Debug|Any CPU
		{E10DC5BF-CEFD-4208-9B6B-2AD64425EC03}.Debug|Any CPU.Build.0 = Debug|Any CPU
		{E10DC5BF-CEFD-4208-9B6B-2AD64425EC03}.Release|Any CPU.ActiveCfg = Release|Any CPU
		{E10DC5BF-CEFD-4208-9B6B-2AD64425EC03}.Release|Any CPU.Build.0 = Release|Any CPU
		{15255F14-B384-4941-B686-F233BD05C3C6}.Debug|Any CPU.ActiveCfg = Debug|Any CPU
		{15255F14-B384-4941-B686-F233BD05C3C6}.Debug|Any CPU.Build.0 = Debug|Any CPU
		{15255F14-B384-4941-B686-F233BD05C3C6}.Release|Any CPU.ActiveCfg = Release|Any CPU
		{15255F14-B384-4941-B686-F233BD05C3C6}.Release|Any CPU.Build.0 = Release|Any CPU
		{43BFC240-BE19-463A-B95A-148ED6A3E8D7}.Debug|Any CPU.ActiveCfg = Debug|Any CPU
		{43BFC240-BE19-463A-B95A-148ED6A3E8D7}.Debug|Any CPU.Build.0 = Debug|Any CPU
		{43BFC240-BE19-463A-B95A-148ED6A3E8D7}.Release|Any CPU.ActiveCfg = Release|Any CPU
		{43BFC240-BE19-463A-B95A-148ED6A3E8D7}.Release|Any CPU.Build.0 = Release|Any CPU
		{73AE2A92-56B7-4F6A-B2E4-375C3F2065DB}.Debug|Any CPU.ActiveCfg = Debug|Any CPU
		{73AE2A92-56B7-4F6A-B2E4-375C3F2065DB}.Debug|Any CPU.Build.0 = Debug|Any CPU
		{73AE2A92-56B7-4F6A-B2E4-375C3F2065DB}.Release|Any CPU.ActiveCfg = Release|Any CPU
		{73AE2A92-56B7-4F6A-B2E4-375C3F2065DB}.Release|Any CPU.Build.0 = Release|Any CPU
		{44C0201E-5E82-4CED-8C0F-9F630E3459DA}.Debug|Any CPU.ActiveCfg = Debug|Any CPU
		{44C0201E-5E82-4CED-8C0F-9F630E3459DA}.Debug|Any CPU.Build.0 = Debug|Any CPU
		{44C0201E-5E82-4CED-8C0F-9F630E3459DA}.Release|Any CPU.ActiveCfg = Release|Any CPU
		{44C0201E-5E82-4CED-8C0F-9F630E3459DA}.Release|Any CPU.Build.0 = Release|Any CPU
		{D87E003A-AD14-4814-B30E-003844EABD4A}.Debug|Any CPU.ActiveCfg = Debug|Any CPU
		{D87E003A-AD14-4814-B30E-003844EABD4A}.Debug|Any CPU.Build.0 = Debug|Any CPU
		{D87E003A-AD14-4814-B30E-003844EABD4A}.Release|Any CPU.ActiveCfg = Release|Any CPU
		{D87E003A-AD14-4814-B30E-003844EABD4A}.Release|Any CPU.Build.0 = Release|Any CPU
		{0CFCC1DA-CC8B-4E82-9127-A9547D769ED2}.Debug|Any CPU.ActiveCfg = Debug|Any CPU
		{0CFCC1DA-CC8B-4E82-9127-A9547D769ED2}.Debug|Any CPU.Build.0 = Debug|Any CPU
		{0CFCC1DA-CC8B-4E82-9127-A9547D769ED2}.Release|Any CPU.ActiveCfg = Release|Any CPU
		{0CFCC1DA-CC8B-4E82-9127-A9547D769ED2}.Release|Any CPU.Build.0 = Release|Any CPU
		{CC060E91-5AFB-42ED-AFBB-EAAF7B3D76E4}.Debug|Any CPU.ActiveCfg = Debug|Any CPU
		{CC060E91-5AFB-42ED-AFBB-EAAF7B3D76E4}.Debug|Any CPU.Build.0 = Debug|Any CPU
		{CC060E91-5AFB-42ED-AFBB-EAAF7B3D76E4}.Release|Any CPU.ActiveCfg = Release|Any CPU
		{CC060E91-5AFB-42ED-AFBB-EAAF7B3D76E4}.Release|Any CPU.Build.0 = Release|Any CPU
		{BD863622-F6B2-4BE7-9ADF-EEA0474B6691}.Debug|Any CPU.ActiveCfg = Debug|Any CPU
		{BD863622-F6B2-4BE7-9ADF-EEA0474B6691}.Debug|Any CPU.Build.0 = Debug|Any CPU
		{BD863622-F6B2-4BE7-9ADF-EEA0474B6691}.Release|Any CPU.ActiveCfg = Release|Any CPU
		{BD863622-F6B2-4BE7-9ADF-EEA0474B6691}.Release|Any CPU.Build.0 = Release|Any CPU
		{C79858C0-9722-498A-A773-51291C03F8EF}.Debug|Any CPU.ActiveCfg = Debug|Any CPU
		{C79858C0-9722-498A-A773-51291C03F8EF}.Debug|Any CPU.Build.0 = Debug|Any CPU
		{C79858C0-9722-498A-A773-51291C03F8EF}.Release|Any CPU.ActiveCfg = Release|Any CPU
		{C79858C0-9722-498A-A773-51291C03F8EF}.Release|Any CPU.Build.0 = Release|Any CPU
		{828C1EBD-8F98-4C2C-B105-646090A950D0}.Debug|Any CPU.ActiveCfg = Debug|Any CPU
		{828C1EBD-8F98-4C2C-B105-646090A950D0}.Debug|Any CPU.Build.0 = Debug|Any CPU
		{828C1EBD-8F98-4C2C-B105-646090A950D0}.Release|Any CPU.ActiveCfg = Release|Any CPU
		{828C1EBD-8F98-4C2C-B105-646090A950D0}.Release|Any CPU.Build.0 = Release|Any CPU
		{A6797EF7-58F0-49F5-A0FE-454C19800F63}.Debug|Any CPU.ActiveCfg = Debug|Any CPU
		{A6797EF7-58F0-49F5-A0FE-454C19800F63}.Debug|Any CPU.Build.0 = Debug|Any CPU
		{A6797EF7-58F0-49F5-A0FE-454C19800F63}.Release|Any CPU.ActiveCfg = Release|Any CPU
		{A6797EF7-58F0-49F5-A0FE-454C19800F63}.Release|Any CPU.Build.0 = Release|Any CPU
		{903CC6DD-6D7C-449D-81F2-1092FBB26FD8}.Debug|Any CPU.ActiveCfg = Debug|Any CPU
		{903CC6DD-6D7C-449D-81F2-1092FBB26FD8}.Debug|Any CPU.Build.0 = Debug|Any CPU
		{903CC6DD-6D7C-449D-81F2-1092FBB26FD8}.Release|Any CPU.ActiveCfg = Release|Any CPU
		{903CC6DD-6D7C-449D-81F2-1092FBB26FD8}.Release|Any CPU.Build.0 = Release|Any CPU
		{9D8FA4FA-7FED-4996-9B7F-171EE9EA3212}.Debug|Any CPU.ActiveCfg = Debug|Any CPU
		{9D8FA4FA-7FED-4996-9B7F-171EE9EA3212}.Debug|Any CPU.Build.0 = Debug|Any CPU
		{9D8FA4FA-7FED-4996-9B7F-171EE9EA3212}.Release|Any CPU.ActiveCfg = Release|Any CPU
		{9D8FA4FA-7FED-4996-9B7F-171EE9EA3212}.Release|Any CPU.Build.0 = Release|Any CPU
		{5D930E08-7864-4961-AE28-38BC77E26DD3}.Debug|Any CPU.ActiveCfg = Debug|Any CPU
		{5D930E08-7864-4961-AE28-38BC77E26DD3}.Debug|Any CPU.Build.0 = Debug|Any CPU
		{5D930E08-7864-4961-AE28-38BC77E26DD3}.Release|Any CPU.ActiveCfg = Release|Any CPU
		{5D930E08-7864-4961-AE28-38BC77E26DD3}.Release|Any CPU.Build.0 = Release|Any CPU
		{335787AC-F524-45E3-B013-4F7C0EDC0CA9}.Debug|Any CPU.ActiveCfg = Debug|Any CPU
		{335787AC-F524-45E3-B013-4F7C0EDC0CA9}.Debug|Any CPU.Build.0 = Debug|Any CPU
		{335787AC-F524-45E3-B013-4F7C0EDC0CA9}.Release|Any CPU.ActiveCfg = Release|Any CPU
		{335787AC-F524-45E3-B013-4F7C0EDC0CA9}.Release|Any CPU.Build.0 = Release|Any CPU
		{9E39B170-09EC-4839-B14F-37C2FD2A85FB}.Debug|Any CPU.ActiveCfg = Debug|Any CPU
		{9E39B170-09EC-4839-B14F-37C2FD2A85FB}.Debug|Any CPU.Build.0 = Debug|Any CPU
		{9E39B170-09EC-4839-B14F-37C2FD2A85FB}.Release|Any CPU.ActiveCfg = Release|Any CPU
		{9E39B170-09EC-4839-B14F-37C2FD2A85FB}.Release|Any CPU.Build.0 = Release|Any CPU
		{37AFAB32-A757-473E-B953-DC6E38B76EE2}.Debug|Any CPU.ActiveCfg = Debug|Any CPU
		{37AFAB32-A757-473E-B953-DC6E38B76EE2}.Debug|Any CPU.Build.0 = Debug|Any CPU
		{37AFAB32-A757-473E-B953-DC6E38B76EE2}.Release|Any CPU.ActiveCfg = Release|Any CPU
		{37AFAB32-A757-473E-B953-DC6E38B76EE2}.Release|Any CPU.Build.0 = Release|Any CPU
		{1A6E7488-B57C-45CC-88F1-E4E728E22AD2}.Debug|Any CPU.ActiveCfg = Debug|Any CPU
		{1A6E7488-B57C-45CC-88F1-E4E728E22AD2}.Debug|Any CPU.Build.0 = Debug|Any CPU
		{1A6E7488-B57C-45CC-88F1-E4E728E22AD2}.Release|Any CPU.ActiveCfg = Release|Any CPU
		{1A6E7488-B57C-45CC-88F1-E4E728E22AD2}.Release|Any CPU.Build.0 = Release|Any CPU
		{B88F2B95-6A6F-40C9-B1E9-EE1C3DF8D834}.Debug|Any CPU.ActiveCfg = Debug|Any CPU
		{B88F2B95-6A6F-40C9-B1E9-EE1C3DF8D834}.Debug|Any CPU.Build.0 = Debug|Any CPU
		{B88F2B95-6A6F-40C9-B1E9-EE1C3DF8D834}.Release|Any CPU.ActiveCfg = Release|Any CPU
		{B88F2B95-6A6F-40C9-B1E9-EE1C3DF8D834}.Release|Any CPU.Build.0 = Release|Any CPU
		{DF06A273-5704-4111-8FE6-F815EE3D64CB}.Debug|Any CPU.ActiveCfg = Debug|Any CPU
		{DF06A273-5704-4111-8FE6-F815EE3D64CB}.Debug|Any CPU.Build.0 = Debug|Any CPU
		{DF06A273-5704-4111-8FE6-F815EE3D64CB}.Release|Any CPU.ActiveCfg = Release|Any CPU
		{DF06A273-5704-4111-8FE6-F815EE3D64CB}.Release|Any CPU.Build.0 = Release|Any CPU
		{2FB531A2-FE43-49C3-8B09-3391B508B8BB}.Debug|Any CPU.ActiveCfg = Debug|Any CPU
		{2FB531A2-FE43-49C3-8B09-3391B508B8BB}.Debug|Any CPU.Build.0 = Debug|Any CPU
		{2FB531A2-FE43-49C3-8B09-3391B508B8BB}.Release|Any CPU.ActiveCfg = Release|Any CPU
		{2FB531A2-FE43-49C3-8B09-3391B508B8BB}.Release|Any CPU.Build.0 = Release|Any CPU
		{FA2F8239-B90F-4CD3-8CF6-78CE36CF9A9A}.Debug|Any CPU.ActiveCfg = Debug|Any CPU
		{FA2F8239-B90F-4CD3-8CF6-78CE36CF9A9A}.Debug|Any CPU.Build.0 = Debug|Any CPU
		{FA2F8239-B90F-4CD3-8CF6-78CE36CF9A9A}.Release|Any CPU.ActiveCfg = Release|Any CPU
		{FA2F8239-B90F-4CD3-8CF6-78CE36CF9A9A}.Release|Any CPU.Build.0 = Release|Any CPU
		{669B033F-2D2A-4004-895D-CCA2E2C0DC33}.Debug|Any CPU.ActiveCfg = Debug|Any CPU
		{669B033F-2D2A-4004-895D-CCA2E2C0DC33}.Debug|Any CPU.Build.0 = Debug|Any CPU
		{669B033F-2D2A-4004-895D-CCA2E2C0DC33}.Release|Any CPU.ActiveCfg = Release|Any CPU
		{669B033F-2D2A-4004-895D-CCA2E2C0DC33}.Release|Any CPU.Build.0 = Release|Any CPU
		{5A2A243B-5BF4-440C-AFF8-61BC750B6A6C}.Debug|Any CPU.ActiveCfg = Debug|Any CPU
		{5A2A243B-5BF4-440C-AFF8-61BC750B6A6C}.Debug|Any CPU.Build.0 = Debug|Any CPU
		{5A2A243B-5BF4-440C-AFF8-61BC750B6A6C}.Release|Any CPU.ActiveCfg = Release|Any CPU
		{5A2A243B-5BF4-440C-AFF8-61BC750B6A6C}.Release|Any CPU.Build.0 = Release|Any CPU
		{04526A1C-D0C7-498E-8C78-547E8BF2E84F}.Debug|Any CPU.ActiveCfg = Debug|Any CPU
		{04526A1C-D0C7-498E-8C78-547E8BF2E84F}.Debug|Any CPU.Build.0 = Debug|Any CPU
		{04526A1C-D0C7-498E-8C78-547E8BF2E84F}.Release|Any CPU.ActiveCfg = Release|Any CPU
		{04526A1C-D0C7-498E-8C78-547E8BF2E84F}.Release|Any CPU.Build.0 = Release|Any CPU
		{68238058-6CD2-410A-AC4E-C731175ED21A}.Debug|Any CPU.ActiveCfg = Debug|Any CPU
		{68238058-6CD2-410A-AC4E-C731175ED21A}.Debug|Any CPU.Build.0 = Debug|Any CPU
		{68238058-6CD2-410A-AC4E-C731175ED21A}.Release|Any CPU.ActiveCfg = Release|Any CPU
		{68238058-6CD2-410A-AC4E-C731175ED21A}.Release|Any CPU.Build.0 = Release|Any CPU
		{46447A28-DFD7-4A2F-A1EA-13A1D19A385D}.Debug|Any CPU.ActiveCfg = Debug|Any CPU
		{46447A28-DFD7-4A2F-A1EA-13A1D19A385D}.Debug|Any CPU.Build.0 = Debug|Any CPU
		{46447A28-DFD7-4A2F-A1EA-13A1D19A385D}.Release|Any CPU.ActiveCfg = Release|Any CPU
		{46447A28-DFD7-4A2F-A1EA-13A1D19A385D}.Release|Any CPU.Build.0 = Release|Any CPU
		{9D0CC4DB-3614-43FC-BEB5-79B55A155753}.Debug|Any CPU.ActiveCfg = Debug|Any CPU
		{9D0CC4DB-3614-43FC-BEB5-79B55A155753}.Debug|Any CPU.Build.0 = Debug|Any CPU
		{9D0CC4DB-3614-43FC-BEB5-79B55A155753}.Release|Any CPU.ActiveCfg = Release|Any CPU
		{9D0CC4DB-3614-43FC-BEB5-79B55A155753}.Release|Any CPU.Build.0 = Release|Any CPU
		{53CDA84F-4196-423B-91B5-78FA0F1D02C9}.Debug|Any CPU.ActiveCfg = Debug|Any CPU
		{53CDA84F-4196-423B-91B5-78FA0F1D02C9}.Debug|Any CPU.Build.0 = Debug|Any CPU
		{53CDA84F-4196-423B-91B5-78FA0F1D02C9}.Release|Any CPU.ActiveCfg = Release|Any CPU
		{53CDA84F-4196-423B-91B5-78FA0F1D02C9}.Release|Any CPU.Build.0 = Release|Any CPU
		{D95DC8D7-2AA7-4D6A-AA9F-FCA8525E75E2}.Debug|Any CPU.ActiveCfg = Debug|Any CPU
		{D95DC8D7-2AA7-4D6A-AA9F-FCA8525E75E2}.Debug|Any CPU.Build.0 = Debug|Any CPU
		{D95DC8D7-2AA7-4D6A-AA9F-FCA8525E75E2}.Release|Any CPU.ActiveCfg = Release|Any CPU
		{D95DC8D7-2AA7-4D6A-AA9F-FCA8525E75E2}.Release|Any CPU.Build.0 = Release|Any CPU
		{D8EF49EA-EC12-432D-AA2C-729435080CD9}.Debug|Any CPU.ActiveCfg = Debug|Any CPU
		{D8EF49EA-EC12-432D-AA2C-729435080CD9}.Debug|Any CPU.Build.0 = Debug|Any CPU
		{D8EF49EA-EC12-432D-AA2C-729435080CD9}.Release|Any CPU.ActiveCfg = Release|Any CPU
		{D8EF49EA-EC12-432D-AA2C-729435080CD9}.Release|Any CPU.Build.0 = Release|Any CPU
		{5C97625C-D6F5-4781-BBE1-7310D717D771}.Debug|Any CPU.ActiveCfg = Debug|Any CPU
		{5C97625C-D6F5-4781-BBE1-7310D717D771}.Debug|Any CPU.Build.0 = Debug|Any CPU
		{5C97625C-D6F5-4781-BBE1-7310D717D771}.Release|Any CPU.ActiveCfg = Release|Any CPU
		{5C97625C-D6F5-4781-BBE1-7310D717D771}.Release|Any CPU.Build.0 = Release|Any CPU
		{1D42BB3F-39F7-43F7-AEEC-5182441355CD}.Debug|Any CPU.ActiveCfg = Debug|Any CPU
		{1D42BB3F-39F7-43F7-AEEC-5182441355CD}.Debug|Any CPU.Build.0 = Debug|Any CPU
		{1D42BB3F-39F7-43F7-AEEC-5182441355CD}.Release|Any CPU.ActiveCfg = Release|Any CPU
		{1D42BB3F-39F7-43F7-AEEC-5182441355CD}.Release|Any CPU.Build.0 = Release|Any CPU
		{676585CB-2F6F-409E-8EB4-033CAD5D0E4B}.Debug|Any CPU.ActiveCfg = Debug|Any CPU
		{676585CB-2F6F-409E-8EB4-033CAD5D0E4B}.Debug|Any CPU.Build.0 = Debug|Any CPU
		{676585CB-2F6F-409E-8EB4-033CAD5D0E4B}.Release|Any CPU.ActiveCfg = Release|Any CPU
		{676585CB-2F6F-409E-8EB4-033CAD5D0E4B}.Release|Any CPU.Build.0 = Release|Any CPU
		{1B2A4AC9-6358-499F-9868-15632A93427E}.Debug|Any CPU.ActiveCfg = Debug|Any CPU
		{1B2A4AC9-6358-499F-9868-15632A93427E}.Debug|Any CPU.Build.0 = Debug|Any CPU
		{1B2A4AC9-6358-499F-9868-15632A93427E}.Release|Any CPU.ActiveCfg = Release|Any CPU
		{1B2A4AC9-6358-499F-9868-15632A93427E}.Release|Any CPU.Build.0 = Release|Any CPU
		{ECE9F51E-F139-4C45-B89B-75A93A26AF3E}.Debug|Any CPU.ActiveCfg = Debug|Any CPU
		{ECE9F51E-F139-4C45-B89B-75A93A26AF3E}.Debug|Any CPU.Build.0 = Debug|Any CPU
		{ECE9F51E-F139-4C45-B89B-75A93A26AF3E}.Release|Any CPU.ActiveCfg = Release|Any CPU
		{ECE9F51E-F139-4C45-B89B-75A93A26AF3E}.Release|Any CPU.Build.0 = Release|Any CPU
		{0DB32B4E-352B-4566-9226-15432663F3A5}.Debug|Any CPU.ActiveCfg = Debug|Any CPU
		{0DB32B4E-352B-4566-9226-15432663F3A5}.Debug|Any CPU.Build.0 = Debug|Any CPU
		{0DB32B4E-352B-4566-9226-15432663F3A5}.Release|Any CPU.ActiveCfg = Release|Any CPU
		{0DB32B4E-352B-4566-9226-15432663F3A5}.Release|Any CPU.Build.0 = Release|Any CPU
		{07019823-034F-4AD6-91DF-9CD9B780BB9A}.Debug|Any CPU.ActiveCfg = Debug|Any CPU
		{07019823-034F-4AD6-91DF-9CD9B780BB9A}.Debug|Any CPU.Build.0 = Debug|Any CPU
		{07019823-034F-4AD6-91DF-9CD9B780BB9A}.Release|Any CPU.ActiveCfg = Release|Any CPU
		{07019823-034F-4AD6-91DF-9CD9B780BB9A}.Release|Any CPU.Build.0 = Release|Any CPU
		{8ABC9029-914F-4545-8F16-93B360AE5939}.Debug|Any CPU.ActiveCfg = Debug|Any CPU
		{8ABC9029-914F-4545-8F16-93B360AE5939}.Debug|Any CPU.Build.0 = Debug|Any CPU
		{8ABC9029-914F-4545-8F16-93B360AE5939}.Release|Any CPU.ActiveCfg = Release|Any CPU
		{8ABC9029-914F-4545-8F16-93B360AE5939}.Release|Any CPU.Build.0 = Release|Any CPU
		{D1E53AC7-425C-4919-B5F4-A349290240BC}.Debug|Any CPU.ActiveCfg = Debug|Any CPU
		{D1E53AC7-425C-4919-B5F4-A349290240BC}.Debug|Any CPU.Build.0 = Debug|Any CPU
		{D1E53AC7-425C-4919-B5F4-A349290240BC}.Release|Any CPU.ActiveCfg = Release|Any CPU
		{D1E53AC7-425C-4919-B5F4-A349290240BC}.Release|Any CPU.Build.0 = Release|Any CPU
		{059F02C4-9FF1-4CFB-B6E4-DD195354ED35}.Debug|Any CPU.ActiveCfg = Debug|Any CPU
		{059F02C4-9FF1-4CFB-B6E4-DD195354ED35}.Debug|Any CPU.Build.0 = Debug|Any CPU
		{059F02C4-9FF1-4CFB-B6E4-DD195354ED35}.Release|Any CPU.ActiveCfg = Release|Any CPU
		{059F02C4-9FF1-4CFB-B6E4-DD195354ED35}.Release|Any CPU.Build.0 = Release|Any CPU
		{7E091C79-31A0-4FC8-BA21-CDDAA08F6987}.Debug|Any CPU.ActiveCfg = Debug|Any CPU
		{7E091C79-31A0-4FC8-BA21-CDDAA08F6987}.Debug|Any CPU.Build.0 = Debug|Any CPU
		{7E091C79-31A0-4FC8-BA21-CDDAA08F6987}.Release|Any CPU.ActiveCfg = Release|Any CPU
		{7E091C79-31A0-4FC8-BA21-CDDAA08F6987}.Release|Any CPU.Build.0 = Release|Any CPU
		{50D9FEE3-4D19-45E3-B472-A4C9D4AE91F3}.Debug|Any CPU.ActiveCfg = Debug|Any CPU
		{50D9FEE3-4D19-45E3-B472-A4C9D4AE91F3}.Debug|Any CPU.Build.0 = Debug|Any CPU
		{50D9FEE3-4D19-45E3-B472-A4C9D4AE91F3}.Release|Any CPU.ActiveCfg = Release|Any CPU
		{50D9FEE3-4D19-45E3-B472-A4C9D4AE91F3}.Release|Any CPU.Build.0 = Release|Any CPU
		{D65927C9-2AD0-4E34-ACAF-B1AC8BB3290E}.Debug|Any CPU.ActiveCfg = Debug|Any CPU
		{D65927C9-2AD0-4E34-ACAF-B1AC8BB3290E}.Debug|Any CPU.Build.0 = Debug|Any CPU
		{D65927C9-2AD0-4E34-ACAF-B1AC8BB3290E}.Release|Any CPU.ActiveCfg = Release|Any CPU
		{D65927C9-2AD0-4E34-ACAF-B1AC8BB3290E}.Release|Any CPU.Build.0 = Release|Any CPU
		{694CE8F8-FEE3-4E4E-BCAB-535B8F51B6D0}.Debug|Any CPU.ActiveCfg = Debug|Any CPU
		{694CE8F8-FEE3-4E4E-BCAB-535B8F51B6D0}.Debug|Any CPU.Build.0 = Debug|Any CPU
		{694CE8F8-FEE3-4E4E-BCAB-535B8F51B6D0}.Release|Any CPU.ActiveCfg = Release|Any CPU
		{694CE8F8-FEE3-4E4E-BCAB-535B8F51B6D0}.Release|Any CPU.Build.0 = Release|Any CPU
		{41366467-60FB-4E68-A1BB-D91EF784C6F6}.Debug|Any CPU.ActiveCfg = Debug|Any CPU
		{41366467-60FB-4E68-A1BB-D91EF784C6F6}.Debug|Any CPU.Build.0 = Debug|Any CPU
		{41366467-60FB-4E68-A1BB-D91EF784C6F6}.Release|Any CPU.ActiveCfg = Release|Any CPU
		{41366467-60FB-4E68-A1BB-D91EF784C6F6}.Release|Any CPU.Build.0 = Release|Any CPU
		{BAC61AF4-F0D0-4B62-9887-FB76BACA8504}.Debug|Any CPU.ActiveCfg = Debug|Any CPU
		{BAC61AF4-F0D0-4B62-9887-FB76BACA8504}.Debug|Any CPU.Build.0 = Debug|Any CPU
		{BAC61AF4-F0D0-4B62-9887-FB76BACA8504}.Release|Any CPU.ActiveCfg = Release|Any CPU
		{BAC61AF4-F0D0-4B62-9887-FB76BACA8504}.Release|Any CPU.Build.0 = Release|Any CPU
		{F7D75A7D-A5A7-45FB-A06C-B990E6AF2F9B}.Debug|Any CPU.ActiveCfg = Debug|Any CPU
		{F7D75A7D-A5A7-45FB-A06C-B990E6AF2F9B}.Debug|Any CPU.Build.0 = Debug|Any CPU
		{F7D75A7D-A5A7-45FB-A06C-B990E6AF2F9B}.Release|Any CPU.ActiveCfg = Release|Any CPU
		{F7D75A7D-A5A7-45FB-A06C-B990E6AF2F9B}.Release|Any CPU.Build.0 = Release|Any CPU
		{77A5E722-819F-466C-9B19-E87A398CB181}.Debug|Any CPU.ActiveCfg = Debug|Any CPU
		{77A5E722-819F-466C-9B19-E87A398CB181}.Debug|Any CPU.Build.0 = Debug|Any CPU
		{77A5E722-819F-466C-9B19-E87A398CB181}.Release|Any CPU.ActiveCfg = Release|Any CPU
		{77A5E722-819F-466C-9B19-E87A398CB181}.Release|Any CPU.Build.0 = Release|Any CPU
		{D5F7583F-6A21-4267-BE72-2D14F45F7A6A}.Debug|Any CPU.ActiveCfg = Debug|Any CPU
		{D5F7583F-6A21-4267-BE72-2D14F45F7A6A}.Debug|Any CPU.Build.0 = Debug|Any CPU
		{D5F7583F-6A21-4267-BE72-2D14F45F7A6A}.Release|Any CPU.ActiveCfg = Release|Any CPU
		{D5F7583F-6A21-4267-BE72-2D14F45F7A6A}.Release|Any CPU.Build.0 = Release|Any CPU
		{52190066-9FAC-46B6-A576-1A3551CD0D87}.Debug|Any CPU.ActiveCfg = Debug|Any CPU
		{52190066-9FAC-46B6-A576-1A3551CD0D87}.Debug|Any CPU.Build.0 = Debug|Any CPU
		{52190066-9FAC-46B6-A576-1A3551CD0D87}.Release|Any CPU.ActiveCfg = Release|Any CPU
		{52190066-9FAC-46B6-A576-1A3551CD0D87}.Release|Any CPU.Build.0 = Release|Any CPU
		{54AFA0EE-DF9B-443A-AC6C-ECB1A6DCA17E}.Debug|Any CPU.ActiveCfg = Debug|Any CPU
		{54AFA0EE-DF9B-443A-AC6C-ECB1A6DCA17E}.Debug|Any CPU.Build.0 = Debug|Any CPU
		{54AFA0EE-DF9B-443A-AC6C-ECB1A6DCA17E}.Release|Any CPU.ActiveCfg = Release|Any CPU
		{54AFA0EE-DF9B-443A-AC6C-ECB1A6DCA17E}.Release|Any CPU.Build.0 = Release|Any CPU
		{032DA0D0-71A7-43D6-9E0A-CE67B0627E65}.Debug|Any CPU.ActiveCfg = Debug|Any CPU
		{032DA0D0-71A7-43D6-9E0A-CE67B0627E65}.Debug|Any CPU.Build.0 = Debug|Any CPU
		{032DA0D0-71A7-43D6-9E0A-CE67B0627E65}.Release|Any CPU.ActiveCfg = Release|Any CPU
		{032DA0D0-71A7-43D6-9E0A-CE67B0627E65}.Release|Any CPU.Build.0 = Release|Any CPU
		{45A95AE3-D48B-4105-8606-173EC5B43217}.Debug|Any CPU.ActiveCfg = Debug|Any CPU
		{45A95AE3-D48B-4105-8606-173EC5B43217}.Debug|Any CPU.Build.0 = Debug|Any CPU
		{45A95AE3-D48B-4105-8606-173EC5B43217}.Release|Any CPU.ActiveCfg = Release|Any CPU
		{45A95AE3-D48B-4105-8606-173EC5B43217}.Release|Any CPU.Build.0 = Release|Any CPU
		{96C21DB3-0198-470E-991E-82D109F359F5}.Debug|Any CPU.ActiveCfg = Debug|Any CPU
		{96C21DB3-0198-470E-991E-82D109F359F5}.Debug|Any CPU.Build.0 = Debug|Any CPU
		{96C21DB3-0198-470E-991E-82D109F359F5}.Release|Any CPU.ActiveCfg = Release|Any CPU
		{96C21DB3-0198-470E-991E-82D109F359F5}.Release|Any CPU.Build.0 = Release|Any CPU
		{79F9B1AD-651E-4EA1-8F9F-0E2554B7507B}.Debug|Any CPU.ActiveCfg = Debug|Any CPU
		{79F9B1AD-651E-4EA1-8F9F-0E2554B7507B}.Debug|Any CPU.Build.0 = Debug|Any CPU
		{79F9B1AD-651E-4EA1-8F9F-0E2554B7507B}.Release|Any CPU.ActiveCfg = Release|Any CPU
		{79F9B1AD-651E-4EA1-8F9F-0E2554B7507B}.Release|Any CPU.Build.0 = Release|Any CPU
		{0BF96459-8909-40E1-A364-3EED49E4FDA8}.Debug|Any CPU.ActiveCfg = Debug|Any CPU
		{0BF96459-8909-40E1-A364-3EED49E4FDA8}.Debug|Any CPU.Build.0 = Debug|Any CPU
		{0BF96459-8909-40E1-A364-3EED49E4FDA8}.Release|Any CPU.ActiveCfg = Release|Any CPU
		{0BF96459-8909-40E1-A364-3EED49E4FDA8}.Release|Any CPU.Build.0 = Release|Any CPU
		{725FD6BF-2E42-4639-A501-FE6995DD3013}.Debug|Any CPU.ActiveCfg = Debug|Any CPU
		{725FD6BF-2E42-4639-A501-FE6995DD3013}.Debug|Any CPU.Build.0 = Debug|Any CPU
		{725FD6BF-2E42-4639-A501-FE6995DD3013}.Release|Any CPU.ActiveCfg = Release|Any CPU
		{725FD6BF-2E42-4639-A501-FE6995DD3013}.Release|Any CPU.Build.0 = Release|Any CPU
		{BDC4EE92-6D09-4E14-AC24-768519E471B6}.Debug|Any CPU.ActiveCfg = Debug|Any CPU
		{BDC4EE92-6D09-4E14-AC24-768519E471B6}.Debug|Any CPU.Build.0 = Debug|Any CPU
		{BDC4EE92-6D09-4E14-AC24-768519E471B6}.Release|Any CPU.ActiveCfg = Release|Any CPU
		{BDC4EE92-6D09-4E14-AC24-768519E471B6}.Release|Any CPU.Build.0 = Release|Any CPU
		{B1EFCBCF-C665-487A-8458-FC1AEF1A7D6D}.Debug|Any CPU.ActiveCfg = Debug|Any CPU
		{B1EFCBCF-C665-487A-8458-FC1AEF1A7D6D}.Debug|Any CPU.Build.0 = Debug|Any CPU
		{B1EFCBCF-C665-487A-8458-FC1AEF1A7D6D}.Release|Any CPU.ActiveCfg = Release|Any CPU
		{B1EFCBCF-C665-487A-8458-FC1AEF1A7D6D}.Release|Any CPU.Build.0 = Release|Any CPU
		{8E6A49E3-6519-4849-AF5C-266ECFE6441F}.Debug|Any CPU.ActiveCfg = Debug|Any CPU
		{8E6A49E3-6519-4849-AF5C-266ECFE6441F}.Debug|Any CPU.Build.0 = Debug|Any CPU
		{8E6A49E3-6519-4849-AF5C-266ECFE6441F}.Release|Any CPU.ActiveCfg = Release|Any CPU
		{8E6A49E3-6519-4849-AF5C-266ECFE6441F}.Release|Any CPU.Build.0 = Release|Any CPU
		{E0462962-AF81-4C1B-A31E-D55E2837839C}.Debug|Any CPU.ActiveCfg = Debug|Any CPU
		{E0462962-AF81-4C1B-A31E-D55E2837839C}.Debug|Any CPU.Build.0 = Debug|Any CPU
		{E0462962-AF81-4C1B-A31E-D55E2837839C}.Release|Any CPU.ActiveCfg = Release|Any CPU
		{E0462962-AF81-4C1B-A31E-D55E2837839C}.Release|Any CPU.Build.0 = Release|Any CPU
		{8F69DE4B-62E3-4200-9ADC-F5934DFA40AC}.Debug|Any CPU.ActiveCfg = Debug|Any CPU
		{8F69DE4B-62E3-4200-9ADC-F5934DFA40AC}.Debug|Any CPU.Build.0 = Debug|Any CPU
		{8F69DE4B-62E3-4200-9ADC-F5934DFA40AC}.Release|Any CPU.ActiveCfg = Release|Any CPU
		{8F69DE4B-62E3-4200-9ADC-F5934DFA40AC}.Release|Any CPU.Build.0 = Release|Any CPU
		{FB7448CE-E91E-491D-9797-EB99A5F384EE}.Debug|Any CPU.ActiveCfg = Debug|Any CPU
		{FB7448CE-E91E-491D-9797-EB99A5F384EE}.Debug|Any CPU.Build.0 = Debug|Any CPU
		{FB7448CE-E91E-491D-9797-EB99A5F384EE}.Release|Any CPU.ActiveCfg = Release|Any CPU
		{FB7448CE-E91E-491D-9797-EB99A5F384EE}.Release|Any CPU.Build.0 = Release|Any CPU
		{24C7C1A9-B357-45CC-A440-08AC00C17D57}.Debug|Any CPU.ActiveCfg = Debug|Any CPU
		{24C7C1A9-B357-45CC-A440-08AC00C17D57}.Debug|Any CPU.Build.0 = Debug|Any CPU
		{24C7C1A9-B357-45CC-A440-08AC00C17D57}.Release|Any CPU.ActiveCfg = Release|Any CPU
		{24C7C1A9-B357-45CC-A440-08AC00C17D57}.Release|Any CPU.Build.0 = Release|Any CPU
		{F0FA5D44-A4D9-4D74-A163-8CD0ED971734}.Debug|Any CPU.ActiveCfg = Debug|Any CPU
		{F0FA5D44-A4D9-4D74-A163-8CD0ED971734}.Debug|Any CPU.Build.0 = Debug|Any CPU
		{F0FA5D44-A4D9-4D74-A163-8CD0ED971734}.Release|Any CPU.ActiveCfg = Release|Any CPU
		{F0FA5D44-A4D9-4D74-A163-8CD0ED971734}.Release|Any CPU.Build.0 = Release|Any CPU
		{A4E5DA7F-8595-4A7F-AE9C-38A595C3B613}.Debug|Any CPU.ActiveCfg = Debug|Any CPU
		{A4E5DA7F-8595-4A7F-AE9C-38A595C3B613}.Debug|Any CPU.Build.0 = Debug|Any CPU
		{A4E5DA7F-8595-4A7F-AE9C-38A595C3B613}.Release|Any CPU.ActiveCfg = Release|Any CPU
		{A4E5DA7F-8595-4A7F-AE9C-38A595C3B613}.Release|Any CPU.Build.0 = Release|Any CPU
		{F167AD13-1BFE-42F7-ABDB-2BB9BD923194}.Debug|Any CPU.ActiveCfg = Debug|Any CPU
		{F167AD13-1BFE-42F7-ABDB-2BB9BD923194}.Debug|Any CPU.Build.0 = Debug|Any CPU
		{F167AD13-1BFE-42F7-ABDB-2BB9BD923194}.Release|Any CPU.ActiveCfg = Release|Any CPU
		{F167AD13-1BFE-42F7-ABDB-2BB9BD923194}.Release|Any CPU.Build.0 = Release|Any CPU
		{F184D63E-5B2A-41C1-8FF2-917C642E8EE6}.Debug|Any CPU.ActiveCfg = Debug|Any CPU
		{F184D63E-5B2A-41C1-8FF2-917C642E8EE6}.Debug|Any CPU.Build.0 = Debug|Any CPU
		{F184D63E-5B2A-41C1-8FF2-917C642E8EE6}.Release|Any CPU.ActiveCfg = Release|Any CPU
		{F184D63E-5B2A-41C1-8FF2-917C642E8EE6}.Release|Any CPU.Build.0 = Release|Any CPU
		{C5B4928C-250F-41B3-9C8C-A0075D33F7CA}.Debug|Any CPU.ActiveCfg = Debug|Any CPU
		{C5B4928C-250F-41B3-9C8C-A0075D33F7CA}.Debug|Any CPU.Build.0 = Debug|Any CPU
		{C5B4928C-250F-41B3-9C8C-A0075D33F7CA}.Release|Any CPU.ActiveCfg = Release|Any CPU
		{C5B4928C-250F-41B3-9C8C-A0075D33F7CA}.Release|Any CPU.Build.0 = Release|Any CPU
		{DD348E89-7FA6-4A98-8793-D63A02C37D86}.Debug|Any CPU.ActiveCfg = Debug|Any CPU
		{DD348E89-7FA6-4A98-8793-D63A02C37D86}.Debug|Any CPU.Build.0 = Debug|Any CPU
		{DD348E89-7FA6-4A98-8793-D63A02C37D86}.Release|Any CPU.ActiveCfg = Release|Any CPU
		{DD348E89-7FA6-4A98-8793-D63A02C37D86}.Release|Any CPU.Build.0 = Release|Any CPU
		{76752A87-CF17-483D-8B9C-EBB5923BF15C}.Debug|Any CPU.ActiveCfg = Debug|Any CPU
		{76752A87-CF17-483D-8B9C-EBB5923BF15C}.Debug|Any CPU.Build.0 = Debug|Any CPU
		{76752A87-CF17-483D-8B9C-EBB5923BF15C}.Release|Any CPU.ActiveCfg = Release|Any CPU
		{76752A87-CF17-483D-8B9C-EBB5923BF15C}.Release|Any CPU.Build.0 = Release|Any CPU
		{12B58D19-D296-4A60-A385-B1AF7C2DFC26}.Debug|Any CPU.ActiveCfg = Debug|Any CPU
		{12B58D19-D296-4A60-A385-B1AF7C2DFC26}.Debug|Any CPU.Build.0 = Debug|Any CPU
		{12B58D19-D296-4A60-A385-B1AF7C2DFC26}.Release|Any CPU.ActiveCfg = Release|Any CPU
		{12B58D19-D296-4A60-A385-B1AF7C2DFC26}.Release|Any CPU.Build.0 = Release|Any CPU
		{9F4FF913-8BCC-46D6-A707-F868CCA79EC4}.Debug|Any CPU.ActiveCfg = Debug|Any CPU
		{9F4FF913-8BCC-46D6-A707-F868CCA79EC4}.Debug|Any CPU.Build.0 = Debug|Any CPU
		{9F4FF913-8BCC-46D6-A707-F868CCA79EC4}.Release|Any CPU.ActiveCfg = Release|Any CPU
		{9F4FF913-8BCC-46D6-A707-F868CCA79EC4}.Release|Any CPU.Build.0 = Release|Any CPU
		{878F402E-6360-4490-A0B8-2855FC555D6D}.Debug|Any CPU.ActiveCfg = Debug|Any CPU
		{878F402E-6360-4490-A0B8-2855FC555D6D}.Debug|Any CPU.Build.0 = Debug|Any CPU
		{878F402E-6360-4490-A0B8-2855FC555D6D}.Release|Any CPU.ActiveCfg = Release|Any CPU
		{878F402E-6360-4490-A0B8-2855FC555D6D}.Release|Any CPU.Build.0 = Release|Any CPU
		{0E831750-C4FF-4396-BF8D-C14783B17BAE}.Debug|Any CPU.ActiveCfg = Debug|Any CPU
		{0E831750-C4FF-4396-BF8D-C14783B17BAE}.Debug|Any CPU.Build.0 = Debug|Any CPU
		{0E831750-C4FF-4396-BF8D-C14783B17BAE}.Release|Any CPU.ActiveCfg = Release|Any CPU
		{0E831750-C4FF-4396-BF8D-C14783B17BAE}.Release|Any CPU.Build.0 = Release|Any CPU
		{12B12A26-FA95-41D3-8F85-97C893ED3079}.Debug|Any CPU.ActiveCfg = Debug|Any CPU
		{12B12A26-FA95-41D3-8F85-97C893ED3079}.Debug|Any CPU.Build.0 = Debug|Any CPU
		{12B12A26-FA95-41D3-8F85-97C893ED3079}.Release|Any CPU.ActiveCfg = Release|Any CPU
		{12B12A26-FA95-41D3-8F85-97C893ED3079}.Release|Any CPU.Build.0 = Release|Any CPU
		{6D45CFE1-7961-4ED6-B0E2-ADAFA1BFE749}.Debug|Any CPU.ActiveCfg = Debug|Any CPU
		{6D45CFE1-7961-4ED6-B0E2-ADAFA1BFE749}.Debug|Any CPU.Build.0 = Debug|Any CPU
		{6D45CFE1-7961-4ED6-B0E2-ADAFA1BFE749}.Release|Any CPU.ActiveCfg = Release|Any CPU
		{6D45CFE1-7961-4ED6-B0E2-ADAFA1BFE749}.Release|Any CPU.Build.0 = Release|Any CPU
		{7B5C13D8-5A0A-4D30-97DB-70C5F7560F4B}.Debug|Any CPU.ActiveCfg = Debug|Any CPU
		{7B5C13D8-5A0A-4D30-97DB-70C5F7560F4B}.Debug|Any CPU.Build.0 = Debug|Any CPU
		{7B5C13D8-5A0A-4D30-97DB-70C5F7560F4B}.Release|Any CPU.ActiveCfg = Release|Any CPU
		{7B5C13D8-5A0A-4D30-97DB-70C5F7560F4B}.Release|Any CPU.Build.0 = Release|Any CPU
		{D4949914-6E5B-4D1D-9C63-4C36A453A78E}.Debug|Any CPU.ActiveCfg = Debug|Any CPU
		{D4949914-6E5B-4D1D-9C63-4C36A453A78E}.Debug|Any CPU.Build.0 = Debug|Any CPU
		{D4949914-6E5B-4D1D-9C63-4C36A453A78E}.Release|Any CPU.ActiveCfg = Release|Any CPU
		{D4949914-6E5B-4D1D-9C63-4C36A453A78E}.Release|Any CPU.Build.0 = Release|Any CPU
		{72DBE1A3-6BC3-497F-8ADA-F6A67ADE08E6}.Debug|Any CPU.ActiveCfg = Debug|Any CPU
		{72DBE1A3-6BC3-497F-8ADA-F6A67ADE08E6}.Debug|Any CPU.Build.0 = Debug|Any CPU
		{72DBE1A3-6BC3-497F-8ADA-F6A67ADE08E6}.Release|Any CPU.ActiveCfg = Release|Any CPU
		{72DBE1A3-6BC3-497F-8ADA-F6A67ADE08E6}.Release|Any CPU.Build.0 = Release|Any CPU
		{0D651C71-575D-4B0D-9897-C29934573A19}.Debug|Any CPU.ActiveCfg = Debug|Any CPU
		{0D651C71-575D-4B0D-9897-C29934573A19}.Debug|Any CPU.Build.0 = Debug|Any CPU
		{0D651C71-575D-4B0D-9897-C29934573A19}.Release|Any CPU.ActiveCfg = Release|Any CPU
		{0D651C71-575D-4B0D-9897-C29934573A19}.Release|Any CPU.Build.0 = Release|Any CPU
		{C861C073-5367-41D2-8CF8-C47D123B3466}.Debug|Any CPU.ActiveCfg = Debug|Any CPU
		{C861C073-5367-41D2-8CF8-C47D123B3466}.Debug|Any CPU.Build.0 = Debug|Any CPU
		{C861C073-5367-41D2-8CF8-C47D123B3466}.Release|Any CPU.ActiveCfg = Release|Any CPU
		{C861C073-5367-41D2-8CF8-C47D123B3466}.Release|Any CPU.Build.0 = Release|Any CPU
		{F5F36A56-D197-48F6-83FE-CAFC2A1823DD}.Debug|Any CPU.ActiveCfg = Debug|Any CPU
		{F5F36A56-D197-48F6-83FE-CAFC2A1823DD}.Debug|Any CPU.Build.0 = Debug|Any CPU
		{F5F36A56-D197-48F6-83FE-CAFC2A1823DD}.Release|Any CPU.ActiveCfg = Release|Any CPU
		{F5F36A56-D197-48F6-83FE-CAFC2A1823DD}.Release|Any CPU.Build.0 = Release|Any CPU
		{6D7157D0-1287-46B9-ABCE-B761F33AA99C}.Debug|Any CPU.ActiveCfg = Debug|Any CPU
		{6D7157D0-1287-46B9-ABCE-B761F33AA99C}.Debug|Any CPU.Build.0 = Debug|Any CPU
		{6D7157D0-1287-46B9-ABCE-B761F33AA99C}.Release|Any CPU.ActiveCfg = Release|Any CPU
		{6D7157D0-1287-46B9-ABCE-B761F33AA99C}.Release|Any CPU.Build.0 = Release|Any CPU
		{D65AD429-3B2C-4CB7-847D-98E65B170949}.Debug|Any CPU.ActiveCfg = Debug|Any CPU
		{D65AD429-3B2C-4CB7-847D-98E65B170949}.Debug|Any CPU.Build.0 = Debug|Any CPU
		{D65AD429-3B2C-4CB7-847D-98E65B170949}.Release|Any CPU.ActiveCfg = Release|Any CPU
		{D65AD429-3B2C-4CB7-847D-98E65B170949}.Release|Any CPU.Build.0 = Release|Any CPU
		{7757D47E-15C9-4029-B604-40494DA0E3C6}.Debug|Any CPU.ActiveCfg = Debug|Any CPU
		{7757D47E-15C9-4029-B604-40494DA0E3C6}.Debug|Any CPU.Build.0 = Debug|Any CPU
		{7757D47E-15C9-4029-B604-40494DA0E3C6}.Release|Any CPU.ActiveCfg = Release|Any CPU
		{7757D47E-15C9-4029-B604-40494DA0E3C6}.Release|Any CPU.Build.0 = Release|Any CPU
		{48FE6D1D-7EC0-4BC9-8F88-6B1B93ACAE82}.Debug|Any CPU.ActiveCfg = Debug|Any CPU
		{48FE6D1D-7EC0-4BC9-8F88-6B1B93ACAE82}.Debug|Any CPU.Build.0 = Debug|Any CPU
		{48FE6D1D-7EC0-4BC9-8F88-6B1B93ACAE82}.Release|Any CPU.ActiveCfg = Release|Any CPU
		{48FE6D1D-7EC0-4BC9-8F88-6B1B93ACAE82}.Release|Any CPU.Build.0 = Release|Any CPU
		{0C842AE2-7247-4760-8B37-A39CE903FE94}.Debug|Any CPU.ActiveCfg = Debug|Any CPU
		{0C842AE2-7247-4760-8B37-A39CE903FE94}.Debug|Any CPU.Build.0 = Debug|Any CPU
		{0C842AE2-7247-4760-8B37-A39CE903FE94}.Release|Any CPU.ActiveCfg = Release|Any CPU
		{0C842AE2-7247-4760-8B37-A39CE903FE94}.Release|Any CPU.Build.0 = Release|Any CPU
		{4742BA70-1B83-4BAF-BE75-41A9F7030FAA}.Debug|Any CPU.ActiveCfg = Debug|Any CPU
		{4742BA70-1B83-4BAF-BE75-41A9F7030FAA}.Debug|Any CPU.Build.0 = Debug|Any CPU
		{4742BA70-1B83-4BAF-BE75-41A9F7030FAA}.Release|Any CPU.ActiveCfg = Release|Any CPU
		{4742BA70-1B83-4BAF-BE75-41A9F7030FAA}.Release|Any CPU.Build.0 = Release|Any CPU
		{7EDDC5E4-8BDC-4458-B846-9E6DE618ABD0}.Debug|Any CPU.ActiveCfg = Debug|Any CPU
		{7EDDC5E4-8BDC-4458-B846-9E6DE618ABD0}.Debug|Any CPU.Build.0 = Debug|Any CPU
		{7EDDC5E4-8BDC-4458-B846-9E6DE618ABD0}.Release|Any CPU.ActiveCfg = Release|Any CPU
		{7EDDC5E4-8BDC-4458-B846-9E6DE618ABD0}.Release|Any CPU.Build.0 = Release|Any CPU
		{B7740D71-9A49-4559-82CE-BAA174ED1394}.Debug|Any CPU.ActiveCfg = Debug|Any CPU
		{B7740D71-9A49-4559-82CE-BAA174ED1394}.Debug|Any CPU.Build.0 = Debug|Any CPU
		{B7740D71-9A49-4559-82CE-BAA174ED1394}.Release|Any CPU.ActiveCfg = Release|Any CPU
		{B7740D71-9A49-4559-82CE-BAA174ED1394}.Release|Any CPU.Build.0 = Release|Any CPU
		{F8B90FFD-FA80-4119-8637-C9A95500C109}.Debug|Any CPU.ActiveCfg = Debug|Any CPU
		{F8B90FFD-FA80-4119-8637-C9A95500C109}.Debug|Any CPU.Build.0 = Debug|Any CPU
		{F8B90FFD-FA80-4119-8637-C9A95500C109}.Release|Any CPU.ActiveCfg = Release|Any CPU
		{F8B90FFD-FA80-4119-8637-C9A95500C109}.Release|Any CPU.Build.0 = Release|Any CPU
	EndGlobalSection
	GlobalSection(SolutionProperties) = preSolution
		HideSolutionNode = FALSE
	EndGlobalSection
	GlobalSection(NestedProjects) = preSolution
		{4EEF2E4D-3CBC-4E7F-AD79-CB20F53CCE18} = {22C6100A-D7ED-4867-8D4F-D56621AC08B1}
		{6AE61B59-6D76-44F7-A106-6F2DF8793C99} = {22C6100A-D7ED-4867-8D4F-D56621AC08B1}
		{E762BF05-4C52-415F-B47C-3B480CA238B0} = {22C6100A-D7ED-4867-8D4F-D56621AC08B1}
		{00EB8969-ED73-4E5A-8097-DA4C965B3D3C} = {22C6100A-D7ED-4867-8D4F-D56621AC08B1}
		{8351A433-B7E8-4AD1-965F-E58AE5160267} = {22C6100A-D7ED-4867-8D4F-D56621AC08B1}
		{5846F75A-CAA0-44DB-8505-573FA2D3C310} = {22C6100A-D7ED-4867-8D4F-D56621AC08B1}
		{7C53FB48-57A7-4389-A31F-9FD060EF7B65} = {7FE12135-4FB5-4DD1-90C4-60A864DB3937}
		{7FE12135-4FB5-4DD1-90C4-60A864DB3937} = {22C6100A-D7ED-4867-8D4F-D56621AC08B1}
		{D4E3C323-7802-4E02-B7F0-BE24A01E3455} = {22C6100A-D7ED-4867-8D4F-D56621AC08B1}
		{3A931B20-9E19-4050-B7DE-A6C4301FBE81} = {7FE12135-4FB5-4DD1-90C4-60A864DB3937}
		{59727087-1609-4891-B674-CF92C4F5B123} = {22C6100A-D7ED-4867-8D4F-D56621AC08B1}
		{06E3DAE7-6B90-4173-AB6D-34598C17005D} = {22C6100A-D7ED-4867-8D4F-D56621AC08B1}
		{F0C2EC65-A34E-415E-A9D8-46AD49579077} = {22C6100A-D7ED-4867-8D4F-D56621AC08B1}
		{2AEB809A-51F3-4A11-BDBF-B127200450D4} = {22C6100A-D7ED-4867-8D4F-D56621AC08B1}
		{4CC9225C-421E-4FE9-8ADB-25E0E0359408} = {7FE12135-4FB5-4DD1-90C4-60A864DB3937}
		{2C304376-3C6E-4306-BB62-BF2F4A6B4D92} = {22C6100A-D7ED-4867-8D4F-D56621AC08B1}
		{3A474751-4C78-439F-BD5F-A31F7877B401} = {7FE12135-4FB5-4DD1-90C4-60A864DB3937}
		{0B64640C-FC1C-4D57-992C-2220EAB332AE} = {22C6100A-D7ED-4867-8D4F-D56621AC08B1}
		{B62E6021-4B8D-46E9-B87E-10AE7E7587B9} = {22C6100A-D7ED-4867-8D4F-D56621AC08B1}
		{40902F66-D7CD-468E-89AD-404A9DAEBB90} = {7FE12135-4FB5-4DD1-90C4-60A864DB3937}
		{BA6396D3-B236-4B8F-BF7B-2E29799F3848} = {22C6100A-D7ED-4867-8D4F-D56621AC08B1}
		{6CF78DBC-EBB1-4FEB-8BDE-774368E753A9} = {22C6100A-D7ED-4867-8D4F-D56621AC08B1}
		{AC3177D8-90B2-4698-9FF3-181FF702C37B} = {22C6100A-D7ED-4867-8D4F-D56621AC08B1}
		{A71F0858-0AC8-458A-B150-E4CC1115A8F5} = {7FE12135-4FB5-4DD1-90C4-60A864DB3937}
		{201D3E59-E52F-45A5-BA00-16D2818DF797} = {22C6100A-D7ED-4867-8D4F-D56621AC08B1}
		{6CFAB70F-E771-491D-A134-A7B88825FC36} = {22C6100A-D7ED-4867-8D4F-D56621AC08B1}
		{3C92F5BA-89F2-49EB-AD9D-E00DFEAD3FC2} = {22C6100A-D7ED-4867-8D4F-D56621AC08B1}
		{233B1240-6662-4230-9C70-07678358CE77} = {7FE12135-4FB5-4DD1-90C4-60A864DB3937}
		{33A1F140-6091-4DFE-BC14-09B9632DE0C2} = {22C6100A-D7ED-4867-8D4F-D56621AC08B1}
		{CF590779-791F-4B4B-BD6D-1AF1AEFC9481} = {22C6100A-D7ED-4867-8D4F-D56621AC08B1}
		{A6C9434D-DA78-4387-858A-EDBEF2A67260} = {22C6100A-D7ED-4867-8D4F-D56621AC08B1}
		{4174E109-7ED2-4A29-8B08-BDF3D448AE4F} = {22C6100A-D7ED-4867-8D4F-D56621AC08B1}
		{0A38E65D-731F-4CCB-8C70-BA1F39F2E890} = {22C6100A-D7ED-4867-8D4F-D56621AC08B1}
		{92BFEE85-CC27-4525-BD13-7BB31F418068} = {0906DBD3-6204-439A-ACCF-7B30094011F6}
		{7AF285CA-16D5-47BB-A353-E663DFD3ED65} = {0906DBD3-6204-439A-ACCF-7B30094011F6}
		{F62A7CB6-D4CE-4FFC-B570-7966AD4CF419} = {0906DBD3-6204-439A-ACCF-7B30094011F6}
		{7BA40C44-07F3-4A8F-935F-4985D00F703F} = {F62A7CB6-D4CE-4FFC-B570-7966AD4CF419}
		{1D6A6CCE-1509-43FA-B801-135BBD264C31} = {0906DBD3-6204-439A-ACCF-7B30094011F6}
		{B4A7D23A-010E-4F21-921D-B0296C600262} = {0906DBD3-6204-439A-ACCF-7B30094011F6}
		{F5B5DC47-DD86-4F30-B659-96C6EE531233} = {0906DBD3-6204-439A-ACCF-7B30094011F6}
		{7E992278-6472-4E9C-8C31-79E6ECE810F8} = {F62A7CB6-D4CE-4FFC-B570-7966AD4CF419}
		{E10DC5BF-CEFD-4208-9B6B-2AD64425EC03} = {F62A7CB6-D4CE-4FFC-B570-7966AD4CF419}
		{15255F14-B384-4941-B686-F233BD05C3C6} = {0906DBD3-6204-439A-ACCF-7B30094011F6}
		{43BFC240-BE19-463A-B95A-148ED6A3E8D7} = {0906DBD3-6204-439A-ACCF-7B30094011F6}
		{73AE2A92-56B7-4F6A-B2E4-375C3F2065DB} = {0906DBD3-6204-439A-ACCF-7B30094011F6}
		{44C0201E-5E82-4CED-8C0F-9F630E3459DA} = {F62A7CB6-D4CE-4FFC-B570-7966AD4CF419}
		{D87E003A-AD14-4814-B30E-003844EABD4A} = {F62A7CB6-D4CE-4FFC-B570-7966AD4CF419}
		{0CFCC1DA-CC8B-4E82-9127-A9547D769ED2} = {0906DBD3-6204-439A-ACCF-7B30094011F6}
		{CC060E91-5AFB-42ED-AFBB-EAAF7B3D76E4} = {0906DBD3-6204-439A-ACCF-7B30094011F6}
		{BD863622-F6B2-4BE7-9ADF-EEA0474B6691} = {F62A7CB6-D4CE-4FFC-B570-7966AD4CF419}
		{C79858C0-9722-498A-A773-51291C03F8EF} = {F62A7CB6-D4CE-4FFC-B570-7966AD4CF419}
		{828C1EBD-8F98-4C2C-B105-646090A950D0} = {F62A7CB6-D4CE-4FFC-B570-7966AD4CF419}
		{A6797EF7-58F0-49F5-A0FE-454C19800F63} = {F62A7CB6-D4CE-4FFC-B570-7966AD4CF419}
		{903CC6DD-6D7C-449D-81F2-1092FBB26FD8} = {F62A7CB6-D4CE-4FFC-B570-7966AD4CF419}
		{9D8FA4FA-7FED-4996-9B7F-171EE9EA3212} = {F62A7CB6-D4CE-4FFC-B570-7966AD4CF419}
		{5D930E08-7864-4961-AE28-38BC77E26DD3} = {F62A7CB6-D4CE-4FFC-B570-7966AD4CF419}
		{335787AC-F524-45E3-B013-4F7C0EDC0CA9} = {F60AD21C-E29D-40B4-877A-7341C7BE41FC}
		{9E39B170-09EC-4839-B14F-37C2FD2A85FB} = {F60AD21C-E29D-40B4-877A-7341C7BE41FC}
		{37AFAB32-A757-473E-B953-DC6E38B76EE2} = {F60AD21C-E29D-40B4-877A-7341C7BE41FC}
		{1A6E7488-B57C-45CC-88F1-E4E728E22AD2} = {F60AD21C-E29D-40B4-877A-7341C7BE41FC}
		{B88F2B95-6A6F-40C9-B1E9-EE1C3DF8D834} = {F60AD21C-E29D-40B4-877A-7341C7BE41FC}
		{DF06A273-5704-4111-8FE6-F815EE3D64CB} = {F60AD21C-E29D-40B4-877A-7341C7BE41FC}
		{2FB531A2-FE43-49C3-8B09-3391B508B8BB} = {F60AD21C-E29D-40B4-877A-7341C7BE41FC}
		{C12F4E66-FC2A-4361-B896-0BF5286D0C2F} = {F60AD21C-E29D-40B4-877A-7341C7BE41FC}
		{FA2F8239-B90F-4CD3-8CF6-78CE36CF9A9A} = {C12F4E66-FC2A-4361-B896-0BF5286D0C2F}
		{669B033F-2D2A-4004-895D-CCA2E2C0DC33} = {C12F4E66-FC2A-4361-B896-0BF5286D0C2F}
		{5A2A243B-5BF4-440C-AFF8-61BC750B6A6C} = {F60AD21C-E29D-40B4-877A-7341C7BE41FC}
		{04526A1C-D0C7-498E-8C78-547E8BF2E84F} = {F60AD21C-E29D-40B4-877A-7341C7BE41FC}
		{68238058-6CD2-410A-AC4E-C731175ED21A} = {F60AD21C-E29D-40B4-877A-7341C7BE41FC}
		{46447A28-DFD7-4A2F-A1EA-13A1D19A385D} = {F60AD21C-E29D-40B4-877A-7341C7BE41FC}
		{9D0CC4DB-3614-43FC-BEB5-79B55A155753} = {F60AD21C-E29D-40B4-877A-7341C7BE41FC}
		{53CDA84F-4196-423B-91B5-78FA0F1D02C9} = {F60AD21C-E29D-40B4-877A-7341C7BE41FC}
		{D95DC8D7-2AA7-4D6A-AA9F-FCA8525E75E2} = {F60AD21C-E29D-40B4-877A-7341C7BE41FC}
		{D8EF49EA-EC12-432D-AA2C-729435080CD9} = {F60AD21C-E29D-40B4-877A-7341C7BE41FC}
		{5C97625C-D6F5-4781-BBE1-7310D717D771} = {F60AD21C-E29D-40B4-877A-7341C7BE41FC}
		{1D42BB3F-39F7-43F7-AEEC-5182441355CD} = {F60AD21C-E29D-40B4-877A-7341C7BE41FC}
		{676585CB-2F6F-409E-8EB4-033CAD5D0E4B} = {C12F4E66-FC2A-4361-B896-0BF5286D0C2F}
		{1B2A4AC9-6358-499F-9868-15632A93427E} = {C12F4E66-FC2A-4361-B896-0BF5286D0C2F}
		{ECE9F51E-F139-4C45-B89B-75A93A26AF3E} = {C12F4E66-FC2A-4361-B896-0BF5286D0C2F}
		{0DB32B4E-352B-4566-9226-15432663F3A5} = {C12F4E66-FC2A-4361-B896-0BF5286D0C2F}
		{07019823-034F-4AD6-91DF-9CD9B780BB9A} = {C12F4E66-FC2A-4361-B896-0BF5286D0C2F}
		{8ABC9029-914F-4545-8F16-93B360AE5939} = {8D40977E-166E-4ACA-8B2B-339BDB3DE785}
		{D1E53AC7-425C-4919-B5F4-A349290240BC} = {8D40977E-166E-4ACA-8B2B-339BDB3DE785}
		{D507935E-8492-46D7-BEA7-B08BC764C670} = {8D40977E-166E-4ACA-8B2B-339BDB3DE785}
		{059F02C4-9FF1-4CFB-B6E4-DD195354ED35} = {D507935E-8492-46D7-BEA7-B08BC764C670}
		{7E091C79-31A0-4FC8-BA21-CDDAA08F6987} = {8D40977E-166E-4ACA-8B2B-339BDB3DE785}
		{50D9FEE3-4D19-45E3-B472-A4C9D4AE91F3} = {8D40977E-166E-4ACA-8B2B-339BDB3DE785}
		{D65927C9-2AD0-4E34-ACAF-B1AC8BB3290E} = {D507935E-8492-46D7-BEA7-B08BC764C670}
		{694CE8F8-FEE3-4E4E-BCAB-535B8F51B6D0} = {8D40977E-166E-4ACA-8B2B-339BDB3DE785}
		{41366467-60FB-4E68-A1BB-D91EF784C6F6} = {8D40977E-166E-4ACA-8B2B-339BDB3DE785}
		{BAC61AF4-F0D0-4B62-9887-FB76BACA8504} = {8D40977E-166E-4ACA-8B2B-339BDB3DE785}
		{F7D75A7D-A5A7-45FB-A06C-B990E6AF2F9B} = {8D40977E-166E-4ACA-8B2B-339BDB3DE785}
		{77A5E722-819F-466C-9B19-E87A398CB181} = {8D40977E-166E-4ACA-8B2B-339BDB3DE785}
		{D5F7583F-6A21-4267-BE72-2D14F45F7A6A} = {8D40977E-166E-4ACA-8B2B-339BDB3DE785}
		{52190066-9FAC-46B6-A576-1A3551CD0D87} = {8D40977E-166E-4ACA-8B2B-339BDB3DE785}
		{54AFA0EE-DF9B-443A-AC6C-ECB1A6DCA17E} = {8D40977E-166E-4ACA-8B2B-339BDB3DE785}
		{032DA0D0-71A7-43D6-9E0A-CE67B0627E65} = {8D40977E-166E-4ACA-8B2B-339BDB3DE785}
		{45A95AE3-D48B-4105-8606-173EC5B43217} = {8D40977E-166E-4ACA-8B2B-339BDB3DE785}
		{96C21DB3-0198-470E-991E-82D109F359F5} = {D507935E-8492-46D7-BEA7-B08BC764C670}
		{79F9B1AD-651E-4EA1-8F9F-0E2554B7507B} = {D507935E-8492-46D7-BEA7-B08BC764C670}
		{0BF96459-8909-40E1-A364-3EED49E4FDA8} = {D507935E-8492-46D7-BEA7-B08BC764C670}
		{725FD6BF-2E42-4639-A501-FE6995DD3013} = {D507935E-8492-46D7-BEA7-B08BC764C670}
		{BDC4EE92-6D09-4E14-AC24-768519E471B6} = {D507935E-8492-46D7-BEA7-B08BC764C670}
		{B1EFCBCF-C665-487A-8458-FC1AEF1A7D6D} = {A489ADCF-194C-4CCC-9B32-865EBD2D934B}
		{8E6A49E3-6519-4849-AF5C-266ECFE6441F} = {A489ADCF-194C-4CCC-9B32-865EBD2D934B}
		{E0462962-AF81-4C1B-A31E-D55E2837839C} = {A489ADCF-194C-4CCC-9B32-865EBD2D934B}
		{8F69DE4B-62E3-4200-9ADC-F5934DFA40AC} = {A489ADCF-194C-4CCC-9B32-865EBD2D934B}
		{FB7448CE-E91E-491D-9797-EB99A5F384EE} = {A489ADCF-194C-4CCC-9B32-865EBD2D934B}
		{685A4135-47DD-4E41-9AFC-E451C3716F8D} = {A489ADCF-194C-4CCC-9B32-865EBD2D934B}
		{24C7C1A9-B357-45CC-A440-08AC00C17D57} = {685A4135-47DD-4E41-9AFC-E451C3716F8D}
		{F0FA5D44-A4D9-4D74-A163-8CD0ED971734} = {685A4135-47DD-4E41-9AFC-E451C3716F8D}
		{A4E5DA7F-8595-4A7F-AE9C-38A595C3B613} = {685A4135-47DD-4E41-9AFC-E451C3716F8D}
		{F167AD13-1BFE-42F7-ABDB-2BB9BD923194} = {76177E64-6DFD-4C6E-BDF0-4FEC7030C55A}
		{F184D63E-5B2A-41C1-8FF2-917C642E8EE6} = {76177E64-6DFD-4C6E-BDF0-4FEC7030C55A}
		{C5B4928C-250F-41B3-9C8C-A0075D33F7CA} = {76177E64-6DFD-4C6E-BDF0-4FEC7030C55A}
		{DD348E89-7FA6-4A98-8793-D63A02C37D86} = {76177E64-6DFD-4C6E-BDF0-4FEC7030C55A}
		{76752A87-CF17-483D-8B9C-EBB5923BF15C} = {76177E64-6DFD-4C6E-BDF0-4FEC7030C55A}
		{12B58D19-D296-4A60-A385-B1AF7C2DFC26} = {76177E64-6DFD-4C6E-BDF0-4FEC7030C55A}
		{9F4FF913-8BCC-46D6-A707-F868CCA79EC4} = {76177E64-6DFD-4C6E-BDF0-4FEC7030C55A}
		{878F402E-6360-4490-A0B8-2855FC555D6D} = {76177E64-6DFD-4C6E-BDF0-4FEC7030C55A}
		{0E831750-C4FF-4396-BF8D-C14783B17BAE} = {76177E64-6DFD-4C6E-BDF0-4FEC7030C55A}
		{12B12A26-FA95-41D3-8F85-97C893ED3079} = {76177E64-6DFD-4C6E-BDF0-4FEC7030C55A}
		{6D45CFE1-7961-4ED6-B0E2-ADAFA1BFE749} = {76177E64-6DFD-4C6E-BDF0-4FEC7030C55A}
		{7B5C13D8-5A0A-4D30-97DB-70C5F7560F4B} = {76177E64-6DFD-4C6E-BDF0-4FEC7030C55A}
		{D4949914-6E5B-4D1D-9C63-4C36A453A78E} = {76177E64-6DFD-4C6E-BDF0-4FEC7030C55A}
		{72DBE1A3-6BC3-497F-8ADA-F6A67ADE08E6} = {76177E64-6DFD-4C6E-BDF0-4FEC7030C55A}
		{0D651C71-575D-4B0D-9897-C29934573A19} = {76177E64-6DFD-4C6E-BDF0-4FEC7030C55A}
		{C861C073-5367-41D2-8CF8-C47D123B3466} = {76177E64-6DFD-4C6E-BDF0-4FEC7030C55A}
		{7B568478-BDD1-4D81-B4AC-61606C82E15C} = {76177E64-6DFD-4C6E-BDF0-4FEC7030C55A}
		{F5F36A56-D197-48F6-83FE-CAFC2A1823DD} = {7B568478-BDD1-4D81-B4AC-61606C82E15C}
		{6D7157D0-1287-46B9-ABCE-B761F33AA99C} = {7B568478-BDD1-4D81-B4AC-61606C82E15C}
		{D65AD429-3B2C-4CB7-847D-98E65B170949} = {7B568478-BDD1-4D81-B4AC-61606C82E15C}
		{7757D47E-15C9-4029-B604-40494DA0E3C6} = {7B568478-BDD1-4D81-B4AC-61606C82E15C}
		{48FE6D1D-7EC0-4BC9-8F88-6B1B93ACAE82} = {7B568478-BDD1-4D81-B4AC-61606C82E15C}
		{0C842AE2-7247-4760-8B37-A39CE903FE94} = {7B568478-BDD1-4D81-B4AC-61606C82E15C}
		{4742BA70-1B83-4BAF-BE75-41A9F7030FAA} = {0F629EC4-B31F-4CD1-84EF-624CB42A5F59}
		{7EDDC5E4-8BDC-4458-B846-9E6DE618ABD0} = {0F629EC4-B31F-4CD1-84EF-624CB42A5F59}
		{B7740D71-9A49-4559-82CE-BAA174ED1394} = {0F629EC4-B31F-4CD1-84EF-624CB42A5F59}
		{F8B90FFD-FA80-4119-8637-C9A95500C109} = {0F629EC4-B31F-4CD1-84EF-624CB42A5F59}
	EndGlobalSection
	GlobalSection(ExtensibilityGlobals) = postSolution
		SolutionGuid = {5734F5DB-1384-413C-B9B6-F5D488A0F096}
	EndGlobalSection
EndGlobal
